<?xml version="1.0" encoding="utf-8"?>
<Project ToolsVersion="4.0" xmlns="http://schemas.microsoft.com/developer/msbuild/2003">
  <ItemGroup>
    <Filter Include="Source Files">
      <UniqueIdentifier>{4FC737F1-C7A5-4376-A066-2A32D752A2FF}</UniqueIdentifier>
      <Extensions>cpp;c;cc;cxx;def;odl;idl;hpj;bat;asm;asmx</Extensions>
    </Filter>
    <Filter Include="Header Files">
      <UniqueIdentifier>{93995380-89BD-4b04-88EB-625FBE52EBFB}</UniqueIdentifier>
      <Extensions>h;hh;hpp;hxx;hm;inl;inc;ipp;xsd</Extensions>
    </Filter>
    <Filter Include="Resource Files">
      <UniqueIdentifier>{67DA6AB6-F800-4c08-8B7A-83BB121AAD01}</UniqueIdentifier>
      <Extensions>rc;ico;cur;bmp;dlg;rc2;rct;bin;rgs;gif;jpg;jpeg;jpe;resx;tiff;tif;png;wav;mfcribbon-ms</Extensions>
    </Filter>
  </ItemGroup>
  <ItemGroup>
    <ClInclude Include="ffmpeg.h">
      <Filter>Header Files</Filter>
    </ClInclude>
    <ClInclude Include="std.h">
      <Filter>Header Files</Filter>
    </ClInclude>
    <ClInclude Include="FFmpegException.h">
      <Filter>Header Files</Filter>
    </ClInclude>
    <ClInclude Include="CodecDeducer.h">
      <Filter>Header Files</Filter>
    </ClInclude>
    <ClInclude Include="ffmpegcpp.h">
      <Filter>Header Files</Filter>
    </ClInclude>
    <ClInclude Include="OpenCodec.h">
      <Filter>Header Files</Filter>
    </ClInclude>
    <ClInclude Include="Codecs\H264NVEncCodec.h">
      <Filter>Header Files</Filter>
    </ClInclude>
    <ClInclude Include="Codecs\H265NVEncCodec.h">
      <Filter>Header Files</Filter>
    </ClInclude>
    <ClInclude Include="Codecs\VP9Codec.h">
      <Filter>Header Files</Filter>
    </ClInclude>
    <ClInclude Include="Frame Sinks\FrameSink.h">
      <Filter>Header Files</Filter>
    </ClInclude>
    <ClInclude Include="Codecs\VideoCodec.h">
      <Filter>Header Files</Filter>
    </ClInclude>
    <ClInclude Include="Codecs\Codec.h">
      <Filter>Header Files</Filter>
    </ClInclude>
    <ClInclude Include="Codecs\PNGCodec.h">
      <Filter>Header Files</Filter>
    </ClInclude>
    <ClInclude Include="Codecs\JPGCodec.h">
      <Filter>Header Files</Filter>
    </ClInclude>
    <ClInclude Include="Codecs\AudioCodec.h">
      <Filter>Header Files</Filter>
    </ClInclude>
    <ClInclude Include="Frame Sinks\AudioEncoder.h">
      <Filter>Header Files</Filter>
    </ClInclude>
    <ClInclude Include="Frame Sinks\AudioFrameSink.h">
      <Filter>Header Files</Filter>
    </ClInclude>
    <ClInclude Include="Frame Sinks\VideoFrameSink.h">
      <Filter>Header Files</Filter>
    </ClInclude>
    <ClInclude Include="Frame Sinks\VideoEncoder.h">
      <Filter>Header Files</Filter>
    </ClInclude>
    <ClInclude Include="AudioFormatConverter.h">
      <Filter>Header Files</Filter>
    </ClInclude>
    <ClInclude Include="ConvertedAudioProcessor.h">
      <Filter>Header Files</Filter>
    </ClInclude>
    <ClInclude Include="Sources\InputSource.h">
      <Filter>Header Files</Filter>
    </ClInclude>
    <ClInclude Include="Sources\RawVideoDataSource.h">
      <Filter>Header Files</Filter>
    </ClInclude>
    <ClInclude Include="Demuxing\InputStream.h">
      <Filter>Header Files</Filter>
    </ClInclude>
    <ClInclude Include="Demuxing\AudioInputStream.h">
      <Filter>Header Files</Filter>
    </ClInclude>
    <ClInclude Include="Demuxing\VideoInputStream.h">
      <Filter>Header Files</Filter>
    </ClInclude>
    <ClInclude Include="Sources\Demuxer.h">
      <Filter>Header Files</Filter>
    </ClInclude>
    <ClInclude Include="Sources\RawAudioDataSource.h">
      <Filter>Header Files</Filter>
    </ClInclude>
    <ClInclude Include="Sources\RawAudioFileSource.h">
      <Filter>Header Files</Filter>
    </ClInclude>
    <ClInclude Include="Sources\RawVideoFileSource.h">
      <Filter>Header Files</Filter>
    </ClInclude>
    <ClInclude Include="VideoFormatConverter.h">
      <Filter>Header Files</Filter>
    </ClInclude>
    <ClInclude Include="Muxing\AudioOutputStream.h">
      <Filter>Header Files</Filter>
    </ClInclude>
    <ClInclude Include="Muxing\VideoOutputStream.h">
      <Filter>Header Files</Filter>
    </ClInclude>
    <ClInclude Include="Muxing\OutputStream.h">
      <Filter>Header Files</Filter>
    </ClInclude>
    <ClInclude Include="Muxing\Muxer.h">
      <Filter>Header Files</Filter>
    </ClInclude>
    <ClInclude Include="Sources\EncodedFileSource.h">
      <Filter>Header Files</Filter>
    </ClInclude>
    <ClInclude Include="Frame Sinks\FrameSinkStream.h">
      <Filter>Header Files</Filter>
    </ClInclude>
    <ClInclude Include="Frame Sinks\FrameWriter.h">
      <Filter>Header Files</Filter>
    </ClInclude>
    <ClInclude Include="Frame Sinks\OneInputFrameSink.h">
      <Filter>Header Files</Filter>
    </ClInclude>
    <ClInclude Include="Frame Sinks\VideoFilterInput.h">
      <Filter>Header Files</Filter>
    </ClInclude>
    <ClInclude Include="FrameContainer.h">
      <Filter>Header Files</Filter>
    </ClInclude>
    <ClInclude Include="Demuxing\StreamData.h">
      <Filter>Header Files</Filter>
    </ClInclude>
    <ClInclude Include="Info\ContainerInfo.h">
      <Filter>Header Files</Filter>
    </ClInclude>
    <ClInclude Include="Info\VideoStreamInfo.h">
      <Filter>Header Files</Filter>
    </ClInclude>
    <ClInclude Include="Frame Sinks\Filter.h">
      <Filter>Header Files</Filter>
    </ClInclude>
    <ClInclude Include="Frame Sinks\AudioFilter.h">
      <Filter>Header Files</Filter>
    </ClInclude>
    <ClInclude Include="Info\AudioStreamInfo.h">
      <Filter>Header Files</Filter>
    </ClInclude>
  </ItemGroup>
  <ItemGroup>
    <ClCompile Include="FFmpegException.cpp">
      <Filter>Source Files</Filter>
    </ClCompile>
    <ClCompile Include="CodecDeducer.cpp">
      <Filter>Source Files</Filter>
    </ClCompile>
    <ClCompile Include="OpenCodec.cpp">
      <Filter>Source Files</Filter>
    </ClCompile>
    <ClCompile Include="Codecs\H264NVEncCodec.cpp">
      <Filter>Source Files</Filter>
    </ClCompile>
    <ClCompile Include="Codecs\H265NVEncCodec.cpp">
      <Filter>Source Files</Filter>
    </ClCompile>
    <ClCompile Include="Codecs\VP9Codec.cpp">
      <Filter>Source Files</Filter>
    </ClCompile>
    <ClCompile Include="Codecs\VideoCodec.cpp">
      <Filter>Source Files</Filter>
    </ClCompile>
    <ClCompile Include="Codecs\Codec.cpp">
      <Filter>Source Files</Filter>
    </ClCompile>
    <ClCompile Include="Codecs\PNGCodec.cpp">
      <Filter>Source Files</Filter>
    </ClCompile>
    <ClCompile Include="Codecs\JPGCodec.cpp">
      <Filter>Source Files</Filter>
    </ClCompile>
    <ClCompile Include="Codecs\AudioCodec.cpp">
      <Filter>Source Files</Filter>
    </ClCompile>
    <ClCompile Include="Frame Sinks\AudioEncoder.cpp">
      <Filter>Source Files</Filter>
    </ClCompile>
    <ClCompile Include="Frame Sinks\VideoEncoder.cpp">
      <Filter>Source Files</Filter>
    </ClCompile>
    <ClCompile Include="AudioFormatConverter.cpp">
      <Filter>Source Files</Filter>
    </ClCompile>
    <ClCompile Include="Sources\RawVideoDataSource.cpp">
      <Filter>Source Files</Filter>
    </ClCompile>
    <ClCompile Include="Demuxing\InputStream.cpp">
      <Filter>Source Files</Filter>
    </ClCompile>
    <ClCompile Include="Demuxing\AudioInputStream.cpp">
      <Filter>Source Files</Filter>
    </ClCompile>
    <ClCompile Include="Demuxing\VideoInputStream.cpp">
      <Filter>Source Files</Filter>
    </ClCompile>
    <ClCompile Include="Sources\Demuxer.cpp">
      <Filter>Source Files</Filter>
    </ClCompile>
    <ClCompile Include="Sources\RawAudioDataSource.cpp">
      <Filter>Source Files</Filter>
    </ClCompile>
    <ClCompile Include="Sources\RawAudioFileSource.cpp">
      <Filter>Source Files</Filter>
    </ClCompile>
    <ClCompile Include="Sources\RawVideoFileSource.cpp">
      <Filter>Source Files</Filter>
    </ClCompile>
    <ClCompile Include="VideoFormatConverter.cpp">
      <Filter>Source Files</Filter>
    </ClCompile>
    <ClCompile Include="Muxing\AudioOutputStream.cpp">
      <Filter>Source Files</Filter>
    </ClCompile>
    <ClCompile Include="Muxing\VideoOutputStream.cpp">
      <Filter>Source Files</Filter>
    </ClCompile>
    <ClCompile Include="Muxing\OutputStream.cpp">
      <Filter>Source Files</Filter>
    </ClCompile>
    <ClCompile Include="Muxing\Muxer.cpp">
      <Filter>Source Files</Filter>
    </ClCompile>
    <ClCompile Include="Sources\EncodedFileSource.cpp">
      <Filter>Source Files</Filter>
    </ClCompile>
    <ClCompile Include="Frame Sinks\FrameSinkStream.cpp">
      <Filter>Source Files</Filter>
    </ClCompile>
    <ClCompile Include="Frame Sinks\OneInputFrameSink.cpp">
      <Filter>Source Files</Filter>
    </ClCompile>
    <ClCompile Include="Frame Sinks\VideoFilterInput.cpp">
      <Filter>Source Files</Filter>
    </ClCompile>
    <ClCompile Include="FrameContainer.cpp">
      <Filter>Source Files</Filter>
    </ClCompile>
    <ClCompile Include="Demuxing\StreamData.cpp">
      <Filter>Source Files</Filter>
    </ClCompile>
    <ClCompile Include="Frame Sinks\Filter.cpp">
      <Filter>Source Files</Filter>
    </ClCompile>
    <ClCompile Include="Frame Sinks\AudioFilter.cpp">
      <Filter>Source Files</Filter>
    </ClCompile>
  </ItemGroup>
</Project>