<?xml version="1.0" encoding="utf-8"?>
<Project ToolsVersion="4.0" xmlns="http://schemas.microsoft.com/developer/msbuild/2003">
  <ItemGroup>
    <Filter Include="Source Files">
      <UniqueIdentifier>{4FC737F1-C7A5-4376-A066-2A32D752A2FF}</UniqueIdentifier>
      <Extensions>cpp;c;cc;cxx;def;odl;idl;hpj;bat;asm;asmx</Extensions>
    </Filter>
    <Filter Include="Header Files">
      <UniqueIdentifier>{93995380-89BD-4b04-88EB-625FBE52EBFB}</UniqueIdentifier>
      <Extensions>h;hh;hpp;hxx;hm;inl;inc;ipp;xsd</Extensions>
    </Filter>
    <Filter Include="Resource Files">
      <UniqueIdentifier>{67DA6AB6-F800-4c08-8B7A-83BB121AAD01}</UniqueIdentifier>
      <Extensions>rc;ico;cur;bmp;dlg;rc2;rct;bin;rgs;gif;jpg;jpeg;jpe;resx;tiff;tif;png;wav;mfcribbon-ms</Extensions>
    </Filter>
  </ItemGroup>
  <ItemGroup>
    <ClInclude Include="Muxer.h">
      <Filter>Header Files</Filter>
    </ClInclude>
    <ClInclude Include="ffmpeg.h">
      <Filter>Header Files</Filter>
    </ClInclude>
    <ClInclude Include="std.h">
      <Filter>Header Files</Filter>
    </ClInclude>
    <ClInclude Include="StreamConfig.h">
      <Filter>Header Files</Filter>
    </ClInclude>
    <ClInclude Include="FFmpegException.h">
      <Filter>Header Files</Filter>
    </ClInclude>
    <ClInclude Include="Codec.h">
      <Filter>Header Files</Filter>
    </ClInclude>
    <ClInclude Include="VideoCodec.h">
      <Filter>Header Files</Filter>
    </ClInclude>
    <ClInclude Include="codecs\H264NVEncCodec.h">
      <Filter>Header Files</Filter>
    </ClInclude>
    <ClInclude Include="codecs\H265NVEncCodec.h">
      <Filter>Header Files</Filter>
    </ClInclude>
    <ClInclude Include="OutputStream.h">
      <Filter>Header Files</Filter>
    </ClInclude>
    <ClInclude Include="FileSource.h">
      <Filter>Header Files</Filter>
    </ClInclude>
    <ClInclude Include="FrameSink.h">
      <Filter>Header Files</Filter>
    </ClInclude>
    <ClInclude Include="Encoder.h">
      <Filter>Header Files</Filter>
    </ClInclude>
    <ClInclude Include="CodecDeducer.h">
      <Filter>Header Files</Filter>
    </ClInclude>
    <ClInclude Include="RawFileSource.h">
      <Filter>Header Files</Filter>
    </ClInclude>
    <ClInclude Include="ffmpegcpp.h">
      <Filter>Header Files</Filter>
    </ClInclude>
    <ClInclude Include="OpenCodec.h">
      <Filter>Header Files</Filter>
    </ClInclude>
  </ItemGroup>
  <ItemGroup>
    <ClCompile Include="Muxer.cpp">
      <Filter>Source Files</Filter>
    </ClCompile>
    <ClCompile Include="FFmpegException.cpp">
      <Filter>Source Files</Filter>
    </ClCompile>
    <ClCompile Include="Codec.cpp">
      <Filter>Source Files</Filter>
    </ClCompile>
    <ClCompile Include="VideoCodec.cpp">
      <Filter>Source Files</Filter>
    </ClCompile>
    <ClCompile Include="codecs\H264NVEncCodec.cpp">
      <Filter>Source Files</Filter>
    </ClCompile>
    <ClCompile Include="codecs\H265NVEncCodec.cpp">
      <Filter>Source Files</Filter>
    </ClCompile>
    <ClCompile Include="OutputStream.cpp">
      <Filter>Source Files</Filter>
    </ClCompile>
    <ClCompile Include="FileSource.cpp">
      <Filter>Source Files</Filter>
    </ClCompile>
    <ClCompile Include="Encoder.cpp">
      <Filter>Source Files</Filter>
    </ClCompile>
    <ClCompile Include="CodecDeducer.cpp">
      <Filter>Source Files</Filter>
    </ClCompile>
    <ClCompile Include="RawFileSource.cpp">
      <Filter>Source Files</Filter>
    </ClCompile>
    <ClCompile Include="OpenCodec.cpp">
      <Filter>Source Files</Filter>
    </ClCompile>
  </ItemGroup>
</Project>