
Microsoft Visual Studio Solution File, Format Version 12.00
# Visual Studio 15
VisualStudioVersion = 15.0.28307.106
MinimumVisualStudioVersion = 10.0.40219.1
Project("{8BC9CEB8-8B4A-11D0-8D11-00A0C91BC942}") = "demo", "demo\demo.vcxproj", "{D8377B20-EEFC-4ABC-95F0-24BC86B7E3F2}"
EndProject
Project("{8BC9CEB8-8B4A-11D0-8D11-00A0C91BC942}") = "ffmpeg-cpp", "ffmpeg-cpp\ffmpeg-cpp.vcxproj", "{BABFD64D-9BF1-4328-B977-24BF81800620}"
EndProject
Project("{8BC9CEB8-8B4A-11D0-8D11-00A0C91BC942}") = "libavcodec", "..\..\..\..\FFMPEG-LGPL-minimal\source\FFmpeg\smp\libavcodec.vcxproj", "{B4824EFF-C340-425D-A4A8-E2E02A71A7AE}"
EndProject
Project("{8BC9CEB8-8B4A-11D0-8D11-00A0C91BC942}") = "libavfilter", "..\..\..\..\FFMPEG-LGPL-minimal\source\FFmpeg\smp\libavfilter.vcxproj", "{BC2E1028-66CD-41A0-AF90-EEBD8CC52787}"
EndProject
Project("{2150E333-8FDC-42A3-9474-1A3956D46DE8}") = "FFMPEG", "FFMPEG", "{C080914D-9D48-4B30-B8E6-429B29BA47A6}"
EndProject
Project("{8BC9CEB8-8B4A-11D0-8D11-00A0C91BC942}") = "libavformat", "..\..\..\..\FFMPEG-LGPL-minimal\source\FFmpeg\smp\libavformat.vcxproj", "{30A96E9B-8061-4F19-BD71-FDE7EA8F7929}"
EndProject
Project("{8BC9CEB8-8B4A-11D0-8D11-00A0C91BC942}") = "libavutil", "..\..\..\..\FFMPEG-LGPL-minimal\source\FFmpeg\smp\libavutil.vcxproj", "{CE6C44DD-6E38-4293-8AB3-04EE28CCA972}"
EndProject
Project("{8BC9CEB8-8B4A-11D0-8D11-00A0C91BC942}") = "libswscale", "..\..\..\..\FFMPEG-LGPL-minimal\source\FFmpeg\smp\libswscale.vcxproj", "{6D8A6330-8EBE-49FD-9281-0A396F9F28F2}"
EndProject
Project("{8BC9CEB8-8B4A-11D0-8D11-00A0C91BC942}") = "libswresample", "..\..\..\..\FFMPEG-LGPL-minimal\source\FFmpeg\smp\libswresample.vcxproj", "{3CE4A9EF-98B6-4454-B76E-3AD9C03A2114}"
EndProject
Global
	GlobalSection(SolutionConfigurationPlatforms) = preSolution
		Debug|x64 = Debug|x64
		Debug|x86 = Debug|x86
		DebugDLL|x64 = DebugDLL|x64
		DebugDLL|x86 = DebugDLL|x86
		DebugDLLStaticDeps|x64 = DebugDLLStaticDeps|x64
		DebugDLLStaticDeps|x86 = DebugDLLStaticDeps|x86
		Release|x64 = Release|x64
		Release|x86 = Release|x86
		ReleaseDLL|x64 = ReleaseDLL|x64
		ReleaseDLL|x86 = ReleaseDLL|x86
		ReleaseDLLStaticDeps|x64 = ReleaseDLLStaticDeps|x64
		ReleaseDLLStaticDeps|x86 = ReleaseDLLStaticDeps|x86
		ReleaseLTO|x64 = ReleaseLTO|x64
		ReleaseLTO|x86 = ReleaseLTO|x86
	EndGlobalSection
	GlobalSection(ProjectConfigurationPlatforms) = postSolution
		{D8377B20-EEFC-4ABC-95F0-24BC86B7E3F2}.Debug|x64.ActiveCfg = Debug|x64
		{D8377B20-EEFC-4ABC-95F0-24BC86B7E3F2}.Debug|x64.Build.0 = Debug|x64
		{D8377B20-EEFC-4ABC-95F0-24BC86B7E3F2}.Debug|x86.ActiveCfg = Debug|Win32
		{D8377B20-EEFC-4ABC-95F0-24BC86B7E3F2}.Debug|x86.Build.0 = Debug|Win32
		{D8377B20-EEFC-4ABC-95F0-24BC86B7E3F2}.DebugDLL|x64.ActiveCfg = Debug|x64
		{D8377B20-EEFC-4ABC-95F0-24BC86B7E3F2}.DebugDLL|x64.Build.0 = Debug|x64
		{D8377B20-EEFC-4ABC-95F0-24BC86B7E3F2}.DebugDLL|x86.ActiveCfg = Debug|Win32
		{D8377B20-EEFC-4ABC-95F0-24BC86B7E3F2}.DebugDLL|x86.Build.0 = Debug|Win32
		{D8377B20-EEFC-4ABC-95F0-24BC86B7E3F2}.DebugDLLStaticDeps|x64.ActiveCfg = Debug|x64
		{D8377B20-EEFC-4ABC-95F0-24BC86B7E3F2}.DebugDLLStaticDeps|x64.Build.0 = Debug|x64
		{D8377B20-EEFC-4ABC-95F0-24BC86B7E3F2}.DebugDLLStaticDeps|x86.ActiveCfg = Debug|Win32
		{D8377B20-EEFC-4ABC-95F0-24BC86B7E3F2}.DebugDLLStaticDeps|x86.Build.0 = Debug|Win32
		{D8377B20-EEFC-4ABC-95F0-24BC86B7E3F2}.Release|x64.ActiveCfg = Release|x64
		{D8377B20-EEFC-4ABC-95F0-24BC86B7E3F2}.Release|x64.Build.0 = Release|x64
		{D8377B20-EEFC-4ABC-95F0-24BC86B7E3F2}.Release|x86.ActiveCfg = Release|Win32
		{D8377B20-EEFC-4ABC-95F0-24BC86B7E3F2}.Release|x86.Build.0 = Release|Win32
		{D8377B20-EEFC-4ABC-95F0-24BC86B7E3F2}.ReleaseDLL|x64.ActiveCfg = Release|x64
		{D8377B20-EEFC-4ABC-95F0-24BC86B7E3F2}.ReleaseDLL|x64.Build.0 = Release|x64
		{D8377B20-EEFC-4ABC-95F0-24BC86B7E3F2}.ReleaseDLL|x86.ActiveCfg = Release|Win32
		{D8377B20-EEFC-4ABC-95F0-24BC86B7E3F2}.ReleaseDLL|x86.Build.0 = Release|Win32
		{D8377B20-EEFC-4ABC-95F0-24BC86B7E3F2}.ReleaseDLLStaticDeps|x64.ActiveCfg = Release|x64
		{D8377B20-EEFC-4ABC-95F0-24BC86B7E3F2}.ReleaseDLLStaticDeps|x64.Build.0 = Release|x64
		{D8377B20-EEFC-4ABC-95F0-24BC86B7E3F2}.ReleaseDLLStaticDeps|x86.ActiveCfg = Release|Win32
		{D8377B20-EEFC-4ABC-95F0-24BC86B7E3F2}.ReleaseDLLStaticDeps|x86.Build.0 = Release|Win32
		{D8377B20-EEFC-4ABC-95F0-24BC86B7E3F2}.ReleaseLTO|x64.ActiveCfg = Release|x64
		{D8377B20-EEFC-4ABC-95F0-24BC86B7E3F2}.ReleaseLTO|x64.Build.0 = Release|x64
		{D8377B20-EEFC-4ABC-95F0-24BC86B7E3F2}.ReleaseLTO|x86.ActiveCfg = Release|Win32
		{D8377B20-EEFC-4ABC-95F0-24BC86B7E3F2}.ReleaseLTO|x86.Build.0 = Release|Win32
		{BABFD64D-9BF1-4328-B977-24BF81800620}.Debug|x64.ActiveCfg = Debug|x64
		{BABFD64D-9BF1-4328-B977-24BF81800620}.Debug|x64.Build.0 = Debug|x64
		{BABFD64D-9BF1-4328-B977-24BF81800620}.Debug|x86.ActiveCfg = Debug|Win32
		{BABFD64D-9BF1-4328-B977-24BF81800620}.Debug|x86.Build.0 = Debug|Win32
		{BABFD64D-9BF1-4328-B977-24BF81800620}.DebugDLL|x64.ActiveCfg = Debug|x64
		{BABFD64D-9BF1-4328-B977-24BF81800620}.DebugDLL|x64.Build.0 = Debug|x64
		{BABFD64D-9BF1-4328-B977-24BF81800620}.DebugDLL|x86.ActiveCfg = Debug|Win32
		{BABFD64D-9BF1-4328-B977-24BF81800620}.DebugDLL|x86.Build.0 = Debug|Win32
		{BABFD64D-9BF1-4328-B977-24BF81800620}.DebugDLLStaticDeps|x64.ActiveCfg = Debug|x64
		{BABFD64D-9BF1-4328-B977-24BF81800620}.DebugDLLStaticDeps|x64.Build.0 = Debug|x64
		{BABFD64D-9BF1-4328-B977-24BF81800620}.DebugDLLStaticDeps|x86.ActiveCfg = Debug|Win32
		{BABFD64D-9BF1-4328-B977-24BF81800620}.DebugDLLStaticDeps|x86.Build.0 = Debug|Win32
		{BABFD64D-9BF1-4328-B977-24BF81800620}.Release|x64.ActiveCfg = Release|x64
		{BABFD64D-9BF1-4328-B977-24BF81800620}.Release|x64.Build.0 = Release|x64
		{BABFD64D-9BF1-4328-B977-24BF81800620}.Release|x86.ActiveCfg = Release|Win32
		{BABFD64D-9BF1-4328-B977-24BF81800620}.Release|x86.Build.0 = Release|Win32
		{BABFD64D-9BF1-4328-B977-24BF81800620}.ReleaseDLL|x64.ActiveCfg = Release|x64
		{BABFD64D-9BF1-4328-B977-24BF81800620}.ReleaseDLL|x64.Build.0 = Release|x64
		{BABFD64D-9BF1-4328-B977-24BF81800620}.ReleaseDLL|x86.ActiveCfg = Release|Win32
		{BABFD64D-9BF1-4328-B977-24BF81800620}.ReleaseDLL|x86.Build.0 = Release|Win32
		{BABFD64D-9BF1-4328-B977-24BF81800620}.ReleaseDLLStaticDeps|x64.ActiveCfg = Release|x64
		{BABFD64D-9BF1-4328-B977-24BF81800620}.ReleaseDLLStaticDeps|x64.Build.0 = Release|x64
		{BABFD64D-9BF1-4328-B977-24BF81800620}.ReleaseDLLStaticDeps|x86.ActiveCfg = Release|Win32
		{BABFD64D-9BF1-4328-B977-24BF81800620}.ReleaseDLLStaticDeps|x86.Build.0 = Release|Win32
		{BABFD64D-9BF1-4328-B977-24BF81800620}.ReleaseLTO|x64.ActiveCfg = Release|x64
		{BABFD64D-9BF1-4328-B977-24BF81800620}.ReleaseLTO|x64.Build.0 = Release|x64
		{BABFD64D-9BF1-4328-B977-24BF81800620}.ReleaseLTO|x86.ActiveCfg = Release|Win32
		{BABFD64D-9BF1-4328-B977-24BF81800620}.ReleaseLTO|x86.Build.0 = Release|Win32
		{B4824EFF-C340-425D-A4A8-E2E02A71A7AE}.Debug|x64.ActiveCfg = Debug|x64
		{B4824EFF-C340-425D-A4A8-E2E02A71A7AE}.Debug|x64.Build.0 = Debug|x64
		{B4824EFF-C340-425D-A4A8-E2E02A71A7AE}.Debug|x86.ActiveCfg = Debug|Win32
		{B4824EFF-C340-425D-A4A8-E2E02A71A7AE}.Debug|x86.Build.0 = Debug|Win32
		{B4824EFF-C340-425D-A4A8-E2E02A71A7AE}.DebugDLL|x64.ActiveCfg = DebugDLL|x64
		{B4824EFF-C340-425D-A4A8-E2E02A71A7AE}.DebugDLL|x64.Build.0 = DebugDLL|x64
		{B4824EFF-C340-425D-A4A8-E2E02A71A7AE}.DebugDLL|x86.ActiveCfg = DebugDLL|Win32
		{B4824EFF-C340-425D-A4A8-E2E02A71A7AE}.DebugDLL|x86.Build.0 = DebugDLL|Win32
		{B4824EFF-C340-425D-A4A8-E2E02A71A7AE}.DebugDLLStaticDeps|x64.ActiveCfg = DebugDLLStaticDeps|x64
		{B4824EFF-C340-425D-A4A8-E2E02A71A7AE}.DebugDLLStaticDeps|x64.Build.0 = DebugDLLStaticDeps|x64
		{B4824EFF-C340-425D-A4A8-E2E02A71A7AE}.DebugDLLStaticDeps|x86.ActiveCfg = DebugDLLStaticDeps|Win32
		{B4824EFF-C340-425D-A4A8-E2E02A71A7AE}.DebugDLLStaticDeps|x86.Build.0 = DebugDLLStaticDeps|Win32
		{B4824EFF-C340-425D-A4A8-E2E02A71A7AE}.Release|x64.ActiveCfg = Release|x64
		{B4824EFF-C340-425D-A4A8-E2E02A71A7AE}.Release|x64.Build.0 = Release|x64
		{B4824EFF-C340-425D-A4A8-E2E02A71A7AE}.Release|x86.ActiveCfg = Release|Win32
		{B4824EFF-C340-425D-A4A8-E2E02A71A7AE}.Release|x86.Build.0 = Release|Win32
		{B4824EFF-C340-425D-A4A8-E2E02A71A7AE}.ReleaseDLL|x64.ActiveCfg = ReleaseDLL|x64
		{B4824EFF-C340-425D-A4A8-E2E02A71A7AE}.ReleaseDLL|x64.Build.0 = ReleaseDLL|x64
		{B4824EFF-C340-425D-A4A8-E2E02A71A7AE}.ReleaseDLL|x86.ActiveCfg = ReleaseDLL|Win32
		{B4824EFF-C340-425D-A4A8-E2E02A71A7AE}.ReleaseDLL|x86.Build.0 = ReleaseDLL|Win32
		{B4824EFF-C340-425D-A4A8-E2E02A71A7AE}.ReleaseDLLStaticDeps|x64.ActiveCfg = ReleaseDLLStaticDeps|x64
		{B4824EFF-C340-425D-A4A8-E2E02A71A7AE}.ReleaseDLLStaticDeps|x64.Build.0 = ReleaseDLLStaticDeps|x64
		{B4824EFF-C340-425D-A4A8-E2E02A71A7AE}.ReleaseDLLStaticDeps|x86.ActiveCfg = ReleaseDLLStaticDeps|Win32
		{B4824EFF-C340-425D-A4A8-E2E02A71A7AE}.ReleaseDLLStaticDeps|x86.Build.0 = ReleaseDLLStaticDeps|Win32
		{B4824EFF-C340-425D-A4A8-E2E02A71A7AE}.ReleaseLTO|x64.ActiveCfg = ReleaseLTO|x64
		{B4824EFF-C340-425D-A4A8-E2E02A71A7AE}.ReleaseLTO|x64.Build.0 = ReleaseLTO|x64
		{B4824EFF-C340-425D-A4A8-E2E02A71A7AE}.ReleaseLTO|x86.ActiveCfg = ReleaseLTO|Win32
		{B4824EFF-C340-425D-A4A8-E2E02A71A7AE}.ReleaseLTO|x86.Build.0 = ReleaseLTO|Win32
		{BC2E1028-66CD-41A0-AF90-EEBD8CC52787}.Debug|x64.ActiveCfg = Debug|x64
		{BC2E1028-66CD-41A0-AF90-EEBD8CC52787}.Debug|x64.Build.0 = Debug|x64
		{BC2E1028-66CD-41A0-AF90-EEBD8CC52787}.Debug|x86.ActiveCfg = Debug|Win32
		{BC2E1028-66CD-41A0-AF90-EEBD8CC52787}.Debug|x86.Build.0 = Debug|Win32
		{BC2E1028-66CD-41A0-AF90-EEBD8CC52787}.DebugDLL|x64.ActiveCfg = DebugDLL|x64
		{BC2E1028-66CD-41A0-AF90-EEBD8CC52787}.DebugDLL|x64.Build.0 = DebugDLL|x64
		{BC2E1028-66CD-41A0-AF90-EEBD8CC52787}.DebugDLL|x86.ActiveCfg = DebugDLL|Win32
		{BC2E1028-66CD-41A0-AF90-EEBD8CC52787}.DebugDLL|x86.Build.0 = DebugDLL|Win32
		{BC2E1028-66CD-41A0-AF90-EEBD8CC52787}.DebugDLLStaticDeps|x64.ActiveCfg = DebugDLLStaticDeps|x64
		{BC2E1028-66CD-41A0-AF90-EEBD8CC52787}.DebugDLLStaticDeps|x64.Build.0 = DebugDLLStaticDeps|x64
		{BC2E1028-66CD-41A0-AF90-EEBD8CC52787}.DebugDLLStaticDeps|x86.ActiveCfg = DebugDLLStaticDeps|Win32
		{BC2E1028-66CD-41A0-AF90-EEBD8CC52787}.DebugDLLStaticDeps|x86.Build.0 = DebugDLLStaticDeps|Win32
		{BC2E1028-66CD-41A0-AF90-EEBD8CC52787}.Release|x64.ActiveCfg = Release|x64
		{BC2E1028-66CD-41A0-AF90-EEBD8CC52787}.Release|x64.Build.0 = Release|x64
		{BC2E1028-66CD-41A0-AF90-EEBD8CC52787}.Release|x86.ActiveCfg = Release|Win32
		{BC2E1028-66CD-41A0-AF90-EEBD8CC52787}.Release|x86.Build.0 = Release|Win32
		{BC2E1028-66CD-41A0-AF90-EEBD8CC52787}.ReleaseDLL|x64.ActiveCfg = ReleaseDLL|x64
		{BC2E1028-66CD-41A0-AF90-EEBD8CC52787}.ReleaseDLL|x64.Build.0 = ReleaseDLL|x64
		{BC2E1028-66CD-41A0-AF90-EEBD8CC52787}.ReleaseDLL|x86.ActiveCfg = ReleaseDLL|Win32
		{BC2E1028-66CD-41A0-AF90-EEBD8CC52787}.ReleaseDLL|x86.Build.0 = ReleaseDLL|Win32
		{BC2E1028-66CD-41A0-AF90-EEBD8CC52787}.ReleaseDLLStaticDeps|x64.ActiveCfg = ReleaseDLLStaticDeps|x64
		{BC2E1028-66CD-41A0-AF90-EEBD8CC52787}.ReleaseDLLStaticDeps|x64.Build.0 = ReleaseDLLStaticDeps|x64
		{BC2E1028-66CD-41A0-AF90-EEBD8CC52787}.ReleaseDLLStaticDeps|x86.ActiveCfg = ReleaseDLLStaticDeps|Win32
		{BC2E1028-66CD-41A0-AF90-EEBD8CC52787}.ReleaseDLLStaticDeps|x86.Build.0 = ReleaseDLLStaticDeps|Win32
		{BC2E1028-66CD-41A0-AF90-EEBD8CC52787}.ReleaseLTO|x64.ActiveCfg = ReleaseLTO|x64
		{BC2E1028-66CD-41A0-AF90-EEBD8CC52787}.ReleaseLTO|x64.Build.0 = ReleaseLTO|x64
		{BC2E1028-66CD-41A0-AF90-EEBD8CC52787}.ReleaseLTO|x86.ActiveCfg = ReleaseLTO|Win32
		{BC2E1028-66CD-41A0-AF90-EEBD8CC52787}.ReleaseLTO|x86.Build.0 = ReleaseLTO|Win32
		{30A96E9B-8061-4F19-BD71-FDE7EA8F7929}.Debug|x64.ActiveCfg = Debug|x64
		{30A96E9B-8061-4F19-BD71-FDE7EA8F7929}.Debug|x64.Build.0 = Debug|x64
		{30A96E9B-8061-4F19-BD71-FDE7EA8F7929}.Debug|x86.ActiveCfg = Debug|Win32
		{30A96E9B-8061-4F19-BD71-FDE7EA8F7929}.Debug|x86.Build.0 = Debug|Win32
		{30A96E9B-8061-4F19-BD71-FDE7EA8F7929}.DebugDLL|x64.ActiveCfg = DebugDLL|x64
		{30A96E9B-8061-4F19-BD71-FDE7EA8F7929}.DebugDLL|x64.Build.0 = DebugDLL|x64
		{30A96E9B-8061-4F19-BD71-FDE7EA8F7929}.DebugDLL|x86.ActiveCfg = DebugDLL|Win32
		{30A96E9B-8061-4F19-BD71-FDE7EA8F7929}.DebugDLL|x86.Build.0 = DebugDLL|Win32
		{30A96E9B-8061-4F19-BD71-FDE7EA8F7929}.DebugDLLStaticDeps|x64.ActiveCfg = DebugDLLStaticDeps|x64
		{30A96E9B-8061-4F19-BD71-FDE7EA8F7929}.DebugDLLStaticDeps|x64.Build.0 = DebugDLLStaticDeps|x64
		{30A96E9B-8061-4F19-BD71-FDE7EA8F7929}.DebugDLLStaticDeps|x86.ActiveCfg = DebugDLLStaticDeps|Win32
		{30A96E9B-8061-4F19-BD71-FDE7EA8F7929}.DebugDLLStaticDeps|x86.Build.0 = DebugDLLStaticDeps|Win32
		{30A96E9B-8061-4F19-BD71-FDE7EA8F7929}.Release|x64.ActiveCfg = Release|x64
		{30A96E9B-8061-4F19-BD71-FDE7EA8F7929}.Release|x64.Build.0 = Release|x64
		{30A96E9B-8061-4F19-BD71-FDE7EA8F7929}.Release|x86.ActiveCfg = Release|Win32
		{30A96E9B-8061-4F19-BD71-FDE7EA8F7929}.Release|x86.Build.0 = Release|Win32
		{30A96E9B-8061-4F19-BD71-FDE7EA8F7929}.ReleaseDLL|x64.ActiveCfg = ReleaseDLL|x64
		{30A96E9B-8061-4F19-BD71-FDE7EA8F7929}.ReleaseDLL|x64.Build.0 = ReleaseDLL|x64
		{30A96E9B-8061-4F19-BD71-FDE7EA8F7929}.ReleaseDLL|x86.ActiveCfg = ReleaseDLL|Win32
		{30A96E9B-8061-4F19-BD71-FDE7EA8F7929}.ReleaseDLL|x86.Build.0 = ReleaseDLL|Win32
		{30A96E9B-8061-4F19-BD71-FDE7EA8F7929}.ReleaseDLLStaticDeps|x64.ActiveCfg = ReleaseDLLStaticDeps|x64
		{30A96E9B-8061-4F19-BD71-FDE7EA8F7929}.ReleaseDLLStaticDeps|x64.Build.0 = ReleaseDLLStaticDeps|x64
		{30A96E9B-8061-4F19-BD71-FDE7EA8F7929}.ReleaseDLLStaticDeps|x86.ActiveCfg = ReleaseDLLStaticDeps|Win32
		{30A96E9B-8061-4F19-BD71-FDE7EA8F7929}.ReleaseDLLStaticDeps|x86.Build.0 = ReleaseDLLStaticDeps|Win32
		{30A96E9B-8061-4F19-BD71-FDE7EA8F7929}.ReleaseLTO|x64.ActiveCfg = ReleaseLTO|x64
		{30A96E9B-8061-4F19-BD71-FDE7EA8F7929}.ReleaseLTO|x64.Build.0 = ReleaseLTO|x64
		{30A96E9B-8061-4F19-BD71-FDE7EA8F7929}.ReleaseLTO|x86.ActiveCfg = ReleaseLTO|Win32
		{30A96E9B-8061-4F19-BD71-FDE7EA8F7929}.ReleaseLTO|x86.Build.0 = ReleaseLTO|Win32
		{CE6C44DD-6E38-4293-8AB3-04EE28CCA972}.Debug|x64.ActiveCfg = Debug|x64
		{CE6C44DD-6E38-4293-8AB3-04EE28CCA972}.Debug|x64.Build.0 = Debug|x64
		{CE6C44DD-6E38-4293-8AB3-04EE28CCA972}.Debug|x86.ActiveCfg = Debug|Win32
		{CE6C44DD-6E38-4293-8AB3-04EE28CCA972}.Debug|x86.Build.0 = Debug|Win32
		{CE6C44DD-6E38-4293-8AB3-04EE28CCA972}.DebugDLL|x64.ActiveCfg = DebugDLL|x64
		{CE6C44DD-6E38-4293-8AB3-04EE28CCA972}.DebugDLL|x64.Build.0 = DebugDLL|x64
		{CE6C44DD-6E38-4293-8AB3-04EE28CCA972}.DebugDLL|x86.ActiveCfg = DebugDLL|Win32
		{CE6C44DD-6E38-4293-8AB3-04EE28CCA972}.DebugDLL|x86.Build.0 = DebugDLL|Win32
		{CE6C44DD-6E38-4293-8AB3-04EE28CCA972}.DebugDLLStaticDeps|x64.ActiveCfg = DebugDLLStaticDeps|x64
		{CE6C44DD-6E38-4293-8AB3-04EE28CCA972}.DebugDLLStaticDeps|x64.Build.0 = DebugDLLStaticDeps|x64
		{CE6C44DD-6E38-4293-8AB3-04EE28CCA972}.DebugDLLStaticDeps|x86.ActiveCfg = DebugDLLStaticDeps|Win32
		{CE6C44DD-6E38-4293-8AB3-04EE28CCA972}.DebugDLLStaticDeps|x86.Build.0 = DebugDLLStaticDeps|Win32
		{CE6C44DD-6E38-4293-8AB3-04EE28CCA972}.Release|x64.ActiveCfg = Release|x64
		{CE6C44DD-6E38-4293-8AB3-04EE28CCA972}.Release|x64.Build.0 = Release|x64
		{CE6C44DD-6E38-4293-8AB3-04EE28CCA972}.Release|x86.ActiveCfg = Release|Win32
		{CE6C44DD-6E38-4293-8AB3-04EE28CCA972}.Release|x86.Build.0 = Release|Win32
		{CE6C44DD-6E38-4293-8AB3-04EE28CCA972}.ReleaseDLL|x64.ActiveCfg = ReleaseDLL|x64
		{CE6C44DD-6E38-4293-8AB3-04EE28CCA972}.ReleaseDLL|x64.Build.0 = ReleaseDLL|x64
		{CE6C44DD-6E38-4293-8AB3-04EE28CCA972}.ReleaseDLL|x86.ActiveCfg = ReleaseDLL|Win32
		{CE6C44DD-6E38-4293-8AB3-04EE28CCA972}.ReleaseDLL|x86.Build.0 = ReleaseDLL|Win32
		{CE6C44DD-6E38-4293-8AB3-04EE28CCA972}.ReleaseDLLStaticDeps|x64.ActiveCfg = ReleaseDLLStaticDeps|x64
		{CE6C44DD-6E38-4293-8AB3-04EE28CCA972}.ReleaseDLLStaticDeps|x64.Build.0 = ReleaseDLLStaticDeps|x64
		{CE6C44DD-6E38-4293-8AB3-04EE28CCA972}.ReleaseDLLStaticDeps|x86.ActiveCfg = ReleaseDLLStaticDeps|Win32
		{CE6C44DD-6E38-4293-8AB3-04EE28CCA972}.ReleaseDLLStaticDeps|x86.Build.0 = ReleaseDLLStaticDeps|Win32
		{CE6C44DD-6E38-4293-8AB3-04EE28CCA972}.ReleaseLTO|x64.ActiveCfg = ReleaseLTO|x64
		{CE6C44DD-6E38-4293-8AB3-04EE28CCA972}.ReleaseLTO|x64.Build.0 = ReleaseLTO|x64
		{CE6C44DD-6E38-4293-8AB3-04EE28CCA972}.ReleaseLTO|x86.ActiveCfg = ReleaseLTO|Win32
		{CE6C44DD-6E38-4293-8AB3-04EE28CCA972}.ReleaseLTO|x86.Build.0 = ReleaseLTO|Win32
		{6D8A6330-8EBE-49FD-9281-0A396F9F28F2}.Debug|x64.ActiveCfg = Debug|x64
		{6D8A6330-8EBE-49FD-9281-0A396F9F28F2}.Debug|x64.Build.0 = Debug|x64
		{6D8A6330-8EBE-49FD-9281-0A396F9F28F2}.Debug|x86.ActiveCfg = Debug|Win32
		{6D8A6330-8EBE-49FD-9281-0A396F9F28F2}.Debug|x86.Build.0 = Debug|Win32
		{6D8A6330-8EBE-49FD-9281-0A396F9F28F2}.DebugDLL|x64.ActiveCfg = DebugDLL|x64
		{6D8A6330-8EBE-49FD-9281-0A396F9F28F2}.DebugDLL|x64.Build.0 = DebugDLL|x64
		{6D8A6330-8EBE-49FD-9281-0A396F9F28F2}.DebugDLL|x86.ActiveCfg = DebugDLL|Win32
		{6D8A6330-8EBE-49FD-9281-0A396F9F28F2}.DebugDLL|x86.Build.0 = DebugDLL|Win32
		{6D8A6330-8EBE-49FD-9281-0A396F9F28F2}.DebugDLLStaticDeps|x64.ActiveCfg = DebugDLLStaticDeps|x64
		{6D8A6330-8EBE-49FD-9281-0A396F9F28F2}.DebugDLLStaticDeps|x64.Build.0 = DebugDLLStaticDeps|x64
		{6D8A6330-8EBE-49FD-9281-0A396F9F28F2}.DebugDLLStaticDeps|x86.ActiveCfg = DebugDLLStaticDeps|Win32
		{6D8A6330-8EBE-49FD-9281-0A396F9F28F2}.DebugDLLStaticDeps|x86.Build.0 = DebugDLLStaticDeps|Win32
		{6D8A6330-8EBE-49FD-9281-0A396F9F28F2}.Release|x64.ActiveCfg = Release|x64
		{6D8A6330-8EBE-49FD-9281-0A396F9F28F2}.Release|x64.Build.0 = Release|x64
		{6D8A6330-8EBE-49FD-9281-0A396F9F28F2}.Release|x86.ActiveCfg = Release|Win32
		{6D8A6330-8EBE-49FD-9281-0A396F9F28F2}.Release|x86.Build.0 = Release|Win32
		{6D8A6330-8EBE-49FD-9281-0A396F9F28F2}.ReleaseDLL|x64.ActiveCfg = ReleaseDLL|x64
		{6D8A6330-8EBE-49FD-9281-0A396F9F28F2}.ReleaseDLL|x64.Build.0 = ReleaseDLL|x64
		{6D8A6330-8EBE-49FD-9281-0A396F9F28F2}.ReleaseDLL|x86.ActiveCfg = ReleaseDLL|Win32
		{6D8A6330-8EBE-49FD-9281-0A396F9F28F2}.ReleaseDLL|x86.Build.0 = ReleaseDLL|Win32
		{6D8A6330-8EBE-49FD-9281-0A396F9F28F2}.ReleaseDLLStaticDeps|x64.ActiveCfg = ReleaseDLLStaticDeps|x64
		{6D8A6330-8EBE-49FD-9281-0A396F9F28F2}.ReleaseDLLStaticDeps|x64.Build.0 = ReleaseDLLStaticDeps|x64
		{6D8A6330-8EBE-49FD-9281-0A396F9F28F2}.ReleaseDLLStaticDeps|x86.ActiveCfg = ReleaseDLLStaticDeps|Win32
		{6D8A6330-8EBE-49FD-9281-0A396F9F28F2}.ReleaseDLLStaticDeps|x86.Build.0 = ReleaseDLLStaticDeps|Win32
		{6D8A6330-8EBE-49FD-9281-0A396F9F28F2}.ReleaseLTO|x64.ActiveCfg = ReleaseLTO|x64
		{6D8A6330-8EBE-49FD-9281-0A396F9F28F2}.ReleaseLTO|x64.Build.0 = ReleaseLTO|x64
		{6D8A6330-8EBE-49FD-9281-0A396F9F28F2}.ReleaseLTO|x86.ActiveCfg = ReleaseLTO|Win32
		{6D8A6330-8EBE-49FD-9281-0A396F9F28F2}.ReleaseLTO|x86.Build.0 = ReleaseLTO|Win32
		{3CE4A9EF-98B6-4454-B76E-3AD9C03A2114}.Debug|x64.ActiveCfg = Debug|x64
		{3CE4A9EF-98B6-4454-B76E-3AD9C03A2114}.Debug|x64.Build.0 = Debug|x64
		{3CE4A9EF-98B6-4454-B76E-3AD9C03A2114}.Debug|x86.ActiveCfg = Debug|Win32
		{3CE4A9EF-98B6-4454-B76E-3AD9C03A2114}.Debug|x86.Build.0 = Debug|Win32
		{3CE4A9EF-98B6-4454-B76E-3AD9C03A2114}.DebugDLL|x64.ActiveCfg = DebugDLL|x64
		{3CE4A9EF-98B6-4454-B76E-3AD9C03A2114}.DebugDLL|x64.Build.0 = DebugDLL|x64
		{3CE4A9EF-98B6-4454-B76E-3AD9C03A2114}.DebugDLL|x86.ActiveCfg = DebugDLL|Win32
		{3CE4A9EF-98B6-4454-B76E-3AD9C03A2114}.DebugDLL|x86.Build.0 = DebugDLL|Win32
		{3CE4A9EF-98B6-4454-B76E-3AD9C03A2114}.DebugDLLStaticDeps|x64.ActiveCfg = DebugDLLStaticDeps|x64
		{3CE4A9EF-98B6-4454-B76E-3AD9C03A2114}.DebugDLLStaticDeps|x64.Build.0 = DebugDLLStaticDeps|x64
		{3CE4A9EF-98B6-4454-B76E-3AD9C03A2114}.DebugDLLStaticDeps|x86.ActiveCfg = DebugDLLStaticDeps|Win32
		{3CE4A9EF-98B6-4454-B76E-3AD9C03A2114}.DebugDLLStaticDeps|x86.Build.0 = DebugDLLStaticDeps|Win32
		{3CE4A9EF-98B6-4454-B76E-3AD9C03A2114}.Release|x64.ActiveCfg = Release|x64
		{3CE4A9EF-98B6-4454-B76E-3AD9C03A2114}.Release|x64.Build.0 = Release|x64
		{3CE4A9EF-98B6-4454-B76E-3AD9C03A2114}.Release|x86.ActiveCfg = Release|Win32
		{3CE4A9EF-98B6-4454-B76E-3AD9C03A2114}.Release|x86.Build.0 = Release|Win32
		{3CE4A9EF-98B6-4454-B76E-3AD9C03A2114}.ReleaseDLL|x64.ActiveCfg = ReleaseDLL|x64
		{3CE4A9EF-98B6-4454-B76E-3AD9C03A2114}.ReleaseDLL|x64.Build.0 = ReleaseDLL|x64
		{3CE4A9EF-98B6-4454-B76E-3AD9C03A2114}.ReleaseDLL|x86.ActiveCfg = ReleaseDLL|Win32
		{3CE4A9EF-98B6-4454-B76E-3AD9C03A2114}.ReleaseDLL|x86.Build.0 = ReleaseDLL|Win32
		{3CE4A9EF-98B6-4454-B76E-3AD9C03A2114}.ReleaseDLLStaticDeps|x64.ActiveCfg = ReleaseDLLStaticDeps|x64
		{3CE4A9EF-98B6-4454-B76E-3AD9C03A2114}.ReleaseDLLStaticDeps|x64.Build.0 = ReleaseDLLStaticDeps|x64
		{3CE4A9EF-98B6-4454-B76E-3AD9C03A2114}.ReleaseDLLStaticDeps|x86.ActiveCfg = ReleaseDLLStaticDeps|Win32
		{3CE4A9EF-98B6-4454-B76E-3AD9C03A2114}.ReleaseDLLStaticDeps|x86.Build.0 = ReleaseDLLStaticDeps|Win32
		{3CE4A9EF-98B6-4454-B76E-3AD9C03A2114}.ReleaseLTO|x64.ActiveCfg = ReleaseLTO|x64
		{3CE4A9EF-98B6-4454-B76E-3AD9C03A2114}.ReleaseLTO|x64.Build.0 = ReleaseLTO|x64
		{3CE4A9EF-98B6-4454-B76E-3AD9C03A2114}.ReleaseLTO|x86.ActiveCfg = ReleaseLTO|Win32
		{3CE4A9EF-98B6-4454-B76E-3AD9C03A2114}.ReleaseLTO|x86.Build.0 = ReleaseLTO|Win32
	EndGlobalSection
	GlobalSection(SolutionProperties) = preSolution
		HideSolutionNode = FALSE
	EndGlobalSection
	GlobalSection(NestedProjects) = preSolution
		{B4824EFF-C340-425D-A4A8-E2E02A71A7AE} = {C080914D-9D48-4B30-B8E6-429B29BA47A6}
		{BC2E1028-66CD-41A0-AF90-EEBD8CC52787} = {C080914D-9D48-4B30-B8E6-429B29BA47A6}
		{30A96E9B-8061-4F19-BD71-FDE7EA8F7929} = {C080914D-9D48-4B30-B8E6-429B29BA47A6}
		{CE6C44DD-6E38-4293-8AB3-04EE28CCA972} = {C080914D-9D48-4B30-B8E6-429B29BA47A6}
		{6D8A6330-8EBE-49FD-9281-0A396F9F28F2} = {C080914D-9D48-4B30-B8E6-429B29BA47A6}
		{3CE4A9EF-98B6-4454-B76E-3AD9C03A2114} = {C080914D-9D48-4B30-B8E6-429B29BA47A6}
	EndGlobalSection
	GlobalSection(ExtensibilityGlobals) = postSolution
		SolutionGuid = {1838F09B-B929-4D1E-ABB6-FA2A94F4A4BE}
	EndGlobalSection
EndGlobal
