
Microsoft Visual Studio Solution File, Format Version 12.00
# Visual Studio 15
VisualStudioVersion = 15.0.28307.106
MinimumVisualStudioVersion = 10.0.40219.1
Project("{8BC9CEB8-8B4A-11D0-8D11-00A0C91BC942}") = "demo", "demo\demo.vcxproj", "{D8377B20-EEFC-4ABC-95F0-24BC86B7E3F2}"
EndProject
Project("{8BC9CEB8-8B4A-11D0-8D11-00A0C91BC942}") = "ffmpeg-cpp", "ffmpeg-cpp\ffmpeg-cpp.vcxproj", "{BABFD64D-9BF1-4328-B977-24BF81800620}"
EndProject
Project("{2150E333-8FDC-42A3-9474-1A3956D46DE8}") = "Examples", "Examples", "{3B1FE419-D7D2-4406-9C24-5A6F6ED63E73}"
EndProject
Project("{8BC9CEB8-8B4A-11D0-8D11-00A0C91BC942}") = "decode_audio", "decode_audio\decode_audio.vcxproj", "{C6101E18-D73B-430C-A79C-084E1236EA94}"
EndProject
Project("{8BC9CEB8-8B4A-11D0-8D11-00A0C91BC942}") = "decode_video", "decode_video\decode_video.vcxproj", "{AAD3AB93-F831-4339-8AAD-DC956B9B9233}"
EndProject
Project("{8BC9CEB8-8B4A-11D0-8D11-00A0C91BC942}") = "encode_audio", "encode_audio\encode_audio.vcxproj", "{9D936BE4-46AA-489F-82E7-D2CFEB157FB6}"
EndProject
Project("{8BC9CEB8-8B4A-11D0-8D11-00A0C91BC942}") = "encode_video", "encode_video\encode_video.vcxproj", "{597D5EF8-04DB-48F9-A8F3-4B593B81C7C3}"
EndProject
Project("{8BC9CEB8-8B4A-11D0-8D11-00A0C91BC942}") = "remuxing", "remuxing\remuxing.vcxproj", "{B337D322-355B-4348-A2A8-270471BE2C95}"
EndProject
Project("{8BC9CEB8-8B4A-11D0-8D11-00A0C91BC942}") = "filtering_video", "filtering_video\filtering_video.vcxproj", "{80579A29-8073-46A0-B328-661155E0887B}"
EndProject
Project("{8BC9CEB8-8B4A-11D0-8D11-00A0C91BC942}") = "difference", "difference\difference.vcxproj", "{9BD8FF1D-1C1B-4755-BF5C-AD58DC023711}"
EndProject
Project("{8BC9CEB8-8B4A-11D0-8D11-00A0C91BC942}") = "print_info", "print_info\print_info.vcxproj", "{B4DB4D63-7AD7-42B9-9671-AD39D696B4FF}"
EndProject
Project("{8BC9CEB8-8B4A-11D0-8D11-00A0C91BC942}") = "filtering_audio", "filtering_audio\filtering_audio.vcxproj", "{220FA552-86EF-4437-867D-AB34F7285F8B}"
EndProject
Project("{8BC9CEB8-8B4A-11D0-8D11-00A0C91BC942}") = "simple_interface", "simple_interface\simple_interface.vcxproj", "{E5D40BD4-7158-4182-8985-9400FAEEC2DB}"
EndProject
Project("{8BC9CEB8-8B4A-11D0-8D11-00A0C91BC942}") = "simple_interface_demo", "simple_interface_demo\simple_interface_demo.vcxproj", "{5CAFFF39-CD0E-4D6D-8E68-246562914788}"
EndProject
Global
	GlobalSection(SolutionConfigurationPlatforms) = preSolution
		Debug|x64 = Debug|x64
		Debug|x86 = Debug|x86
		DebugDLL|x64 = DebugDLL|x64
		DebugDLL|x86 = DebugDLL|x86
		DebugDLLStaticDeps|x64 = DebugDLLStaticDeps|x64
		DebugDLLStaticDeps|x86 = DebugDLLStaticDeps|x86
		Release|x64 = Release|x64
		Release|x86 = Release|x86
		ReleaseDLL|x64 = ReleaseDLL|x64
		ReleaseDLL|x86 = ReleaseDLL|x86
		ReleaseDLLStaticDeps|x64 = ReleaseDLLStaticDeps|x64
		ReleaseDLLStaticDeps|x86 = ReleaseDLLStaticDeps|x86
		ReleaseLTO|x64 = ReleaseLTO|x64
		ReleaseLTO|x86 = ReleaseLTO|x86
	EndGlobalSection
	GlobalSection(ProjectConfigurationPlatforms) = postSolution
		{D8377B20-EEFC-4ABC-95F0-24BC86B7E3F2}.Debug|x64.ActiveCfg = Debug|x64
		{D8377B20-EEFC-4ABC-95F0-24BC86B7E3F2}.Debug|x64.Build.0 = Debug|x64
		{D8377B20-EEFC-4ABC-95F0-24BC86B7E3F2}.Debug|x86.ActiveCfg = Debug|Win32
		{D8377B20-EEFC-4ABC-95F0-24BC86B7E3F2}.Debug|x86.Build.0 = Debug|Win32
		{D8377B20-EEFC-4ABC-95F0-24BC86B7E3F2}.DebugDLL|x64.ActiveCfg = Debug|x64
		{D8377B20-EEFC-4ABC-95F0-24BC86B7E3F2}.DebugDLL|x64.Build.0 = Debug|x64
		{D8377B20-EEFC-4ABC-95F0-24BC86B7E3F2}.DebugDLL|x86.ActiveCfg = Debug|Win32
		{D8377B20-EEFC-4ABC-95F0-24BC86B7E3F2}.DebugDLL|x86.Build.0 = Debug|Win32
		{D8377B20-EEFC-4ABC-95F0-24BC86B7E3F2}.DebugDLLStaticDeps|x64.ActiveCfg = Debug|x64
		{D8377B20-EEFC-4ABC-95F0-24BC86B7E3F2}.DebugDLLStaticDeps|x64.Build.0 = Debug|x64
		{D8377B20-EEFC-4ABC-95F0-24BC86B7E3F2}.DebugDLLStaticDeps|x86.ActiveCfg = Debug|Win32
		{D8377B20-EEFC-4ABC-95F0-24BC86B7E3F2}.DebugDLLStaticDeps|x86.Build.0 = Debug|Win32
		{D8377B20-EEFC-4ABC-95F0-24BC86B7E3F2}.Release|x64.ActiveCfg = Release|x64
		{D8377B20-EEFC-4ABC-95F0-24BC86B7E3F2}.Release|x64.Build.0 = Release|x64
		{D8377B20-EEFC-4ABC-95F0-24BC86B7E3F2}.Release|x86.ActiveCfg = Release|Win32
		{D8377B20-EEFC-4ABC-95F0-24BC86B7E3F2}.Release|x86.Build.0 = Release|Win32
		{D8377B20-EEFC-4ABC-95F0-24BC86B7E3F2}.ReleaseDLL|x64.ActiveCfg = Release|x64
		{D8377B20-EEFC-4ABC-95F0-24BC86B7E3F2}.ReleaseDLL|x64.Build.0 = Release|x64
		{D8377B20-EEFC-4ABC-95F0-24BC86B7E3F2}.ReleaseDLL|x86.ActiveCfg = Release|Win32
		{D8377B20-EEFC-4ABC-95F0-24BC86B7E3F2}.ReleaseDLL|x86.Build.0 = Release|Win32
		{D8377B20-EEFC-4ABC-95F0-24BC86B7E3F2}.ReleaseDLLStaticDeps|x64.ActiveCfg = Release|x64
		{D8377B20-EEFC-4ABC-95F0-24BC86B7E3F2}.ReleaseDLLStaticDeps|x64.Build.0 = Release|x64
		{D8377B20-EEFC-4ABC-95F0-24BC86B7E3F2}.ReleaseDLLStaticDeps|x86.ActiveCfg = Release|Win32
		{D8377B20-EEFC-4ABC-95F0-24BC86B7E3F2}.ReleaseDLLStaticDeps|x86.Build.0 = Release|Win32
		{D8377B20-EEFC-4ABC-95F0-24BC86B7E3F2}.ReleaseLTO|x64.ActiveCfg = Release|x64
		{D8377B20-EEFC-4ABC-95F0-24BC86B7E3F2}.ReleaseLTO|x64.Build.0 = Release|x64
		{D8377B20-EEFC-4ABC-95F0-24BC86B7E3F2}.ReleaseLTO|x86.ActiveCfg = Release|Win32
		{D8377B20-EEFC-4ABC-95F0-24BC86B7E3F2}.ReleaseLTO|x86.Build.0 = Release|Win32
		{BABFD64D-9BF1-4328-B977-24BF81800620}.Debug|x64.ActiveCfg = Debug|x64
		{BABFD64D-9BF1-4328-B977-24BF81800620}.Debug|x64.Build.0 = Debug|x64
		{BABFD64D-9BF1-4328-B977-24BF81800620}.Debug|x86.ActiveCfg = Debug|Win32
		{BABFD64D-9BF1-4328-B977-24BF81800620}.Debug|x86.Build.0 = Debug|Win32
		{BABFD64D-9BF1-4328-B977-24BF81800620}.DebugDLL|x64.ActiveCfg = Debug|x64
		{BABFD64D-9BF1-4328-B977-24BF81800620}.DebugDLL|x64.Build.0 = Debug|x64
		{BABFD64D-9BF1-4328-B977-24BF81800620}.DebugDLL|x86.ActiveCfg = Debug|Win32
		{BABFD64D-9BF1-4328-B977-24BF81800620}.DebugDLL|x86.Build.0 = Debug|Win32
		{BABFD64D-9BF1-4328-B977-24BF81800620}.DebugDLLStaticDeps|x64.ActiveCfg = Debug|x64
		{BABFD64D-9BF1-4328-B977-24BF81800620}.DebugDLLStaticDeps|x64.Build.0 = Debug|x64
		{BABFD64D-9BF1-4328-B977-24BF81800620}.DebugDLLStaticDeps|x86.ActiveCfg = Debug|Win32
		{BABFD64D-9BF1-4328-B977-24BF81800620}.DebugDLLStaticDeps|x86.Build.0 = Debug|Win32
		{BABFD64D-9BF1-4328-B977-24BF81800620}.Release|x64.ActiveCfg = Release|x64
		{BABFD64D-9BF1-4328-B977-24BF81800620}.Release|x64.Build.0 = Release|x64
		{BABFD64D-9BF1-4328-B977-24BF81800620}.Release|x86.ActiveCfg = Release|Win32
		{BABFD64D-9BF1-4328-B977-24BF81800620}.Release|x86.Build.0 = Release|Win32
		{BABFD64D-9BF1-4328-B977-24BF81800620}.ReleaseDLL|x64.ActiveCfg = Release|x64
		{BABFD64D-9BF1-4328-B977-24BF81800620}.ReleaseDLL|x64.Build.0 = Release|x64
		{BABFD64D-9BF1-4328-B977-24BF81800620}.ReleaseDLL|x86.ActiveCfg = Release|Win32
		{BABFD64D-9BF1-4328-B977-24BF81800620}.ReleaseDLL|x86.Build.0 = Release|Win32
		{BABFD64D-9BF1-4328-B977-24BF81800620}.ReleaseDLLStaticDeps|x64.ActiveCfg = Release|x64
		{BABFD64D-9BF1-4328-B977-24BF81800620}.ReleaseDLLStaticDeps|x64.Build.0 = Release|x64
		{BABFD64D-9BF1-4328-B977-24BF81800620}.ReleaseDLLStaticDeps|x86.ActiveCfg = Release|Win32
		{BABFD64D-9BF1-4328-B977-24BF81800620}.ReleaseDLLStaticDeps|x86.Build.0 = Release|Win32
		{BABFD64D-9BF1-4328-B977-24BF81800620}.ReleaseLTO|x64.ActiveCfg = Release|x64
		{BABFD64D-9BF1-4328-B977-24BF81800620}.ReleaseLTO|x64.Build.0 = Release|x64
		{BABFD64D-9BF1-4328-B977-24BF81800620}.ReleaseLTO|x86.ActiveCfg = Release|Win32
		{BABFD64D-9BF1-4328-B977-24BF81800620}.ReleaseLTO|x86.Build.0 = Release|Win32
		{C6101E18-D73B-430C-A79C-084E1236EA94}.Debug|x64.ActiveCfg = Debug|x64
		{C6101E18-D73B-430C-A79C-084E1236EA94}.Debug|x64.Build.0 = Debug|x64
		{C6101E18-D73B-430C-A79C-084E1236EA94}.Debug|x86.ActiveCfg = Debug|Win32
		{C6101E18-D73B-430C-A79C-084E1236EA94}.Debug|x86.Build.0 = Debug|Win32
		{C6101E18-D73B-430C-A79C-084E1236EA94}.DebugDLL|x64.ActiveCfg = Debug|x64
		{C6101E18-D73B-430C-A79C-084E1236EA94}.DebugDLL|x64.Build.0 = Debug|x64
		{C6101E18-D73B-430C-A79C-084E1236EA94}.DebugDLL|x86.ActiveCfg = Debug|Win32
		{C6101E18-D73B-430C-A79C-084E1236EA94}.DebugDLL|x86.Build.0 = Debug|Win32
		{C6101E18-D73B-430C-A79C-084E1236EA94}.DebugDLLStaticDeps|x64.ActiveCfg = Debug|x64
		{C6101E18-D73B-430C-A79C-084E1236EA94}.DebugDLLStaticDeps|x64.Build.0 = Debug|x64
		{C6101E18-D73B-430C-A79C-084E1236EA94}.DebugDLLStaticDeps|x86.ActiveCfg = Debug|Win32
		{C6101E18-D73B-430C-A79C-084E1236EA94}.DebugDLLStaticDeps|x86.Build.0 = Debug|Win32
		{C6101E18-D73B-430C-A79C-084E1236EA94}.Release|x64.ActiveCfg = Release|x64
		{C6101E18-D73B-430C-A79C-084E1236EA94}.Release|x64.Build.0 = Release|x64
		{C6101E18-D73B-430C-A79C-084E1236EA94}.Release|x86.ActiveCfg = Release|Win32
		{C6101E18-D73B-430C-A79C-084E1236EA94}.Release|x86.Build.0 = Release|Win32
		{C6101E18-D73B-430C-A79C-084E1236EA94}.ReleaseDLL|x64.ActiveCfg = Release|x64
		{C6101E18-D73B-430C-A79C-084E1236EA94}.ReleaseDLL|x64.Build.0 = Release|x64
		{C6101E18-D73B-430C-A79C-084E1236EA94}.ReleaseDLL|x86.ActiveCfg = Release|Win32
		{C6101E18-D73B-430C-A79C-084E1236EA94}.ReleaseDLL|x86.Build.0 = Release|Win32
		{C6101E18-D73B-430C-A79C-084E1236EA94}.ReleaseDLLStaticDeps|x64.ActiveCfg = Release|x64
		{C6101E18-D73B-430C-A79C-084E1236EA94}.ReleaseDLLStaticDeps|x64.Build.0 = Release|x64
		{C6101E18-D73B-430C-A79C-084E1236EA94}.ReleaseDLLStaticDeps|x86.ActiveCfg = Release|Win32
		{C6101E18-D73B-430C-A79C-084E1236EA94}.ReleaseDLLStaticDeps|x86.Build.0 = Release|Win32
		{C6101E18-D73B-430C-A79C-084E1236EA94}.ReleaseLTO|x64.ActiveCfg = Release|x64
		{C6101E18-D73B-430C-A79C-084E1236EA94}.ReleaseLTO|x64.Build.0 = Release|x64
		{C6101E18-D73B-430C-A79C-084E1236EA94}.ReleaseLTO|x86.ActiveCfg = Release|Win32
		{C6101E18-D73B-430C-A79C-084E1236EA94}.ReleaseLTO|x86.Build.0 = Release|Win32
		{AAD3AB93-F831-4339-8AAD-DC956B9B9233}.Debug|x64.ActiveCfg = Debug|x64
		{AAD3AB93-F831-4339-8AAD-DC956B9B9233}.Debug|x64.Build.0 = Debug|x64
		{AAD3AB93-F831-4339-8AAD-DC956B9B9233}.Debug|x86.ActiveCfg = Debug|Win32
		{AAD3AB93-F831-4339-8AAD-DC956B9B9233}.Debug|x86.Build.0 = Debug|Win32
		{AAD3AB93-F831-4339-8AAD-DC956B9B9233}.DebugDLL|x64.ActiveCfg = Debug|x64
		{AAD3AB93-F831-4339-8AAD-DC956B9B9233}.DebugDLL|x64.Build.0 = Debug|x64
		{AAD3AB93-F831-4339-8AAD-DC956B9B9233}.DebugDLL|x86.ActiveCfg = Debug|Win32
		{AAD3AB93-F831-4339-8AAD-DC956B9B9233}.DebugDLL|x86.Build.0 = Debug|Win32
		{AAD3AB93-F831-4339-8AAD-DC956B9B9233}.DebugDLLStaticDeps|x64.ActiveCfg = Debug|x64
		{AAD3AB93-F831-4339-8AAD-DC956B9B9233}.DebugDLLStaticDeps|x64.Build.0 = Debug|x64
		{AAD3AB93-F831-4339-8AAD-DC956B9B9233}.DebugDLLStaticDeps|x86.ActiveCfg = Debug|Win32
		{AAD3AB93-F831-4339-8AAD-DC956B9B9233}.DebugDLLStaticDeps|x86.Build.0 = Debug|Win32
		{AAD3AB93-F831-4339-8AAD-DC956B9B9233}.Release|x64.ActiveCfg = Release|x64
		{AAD3AB93-F831-4339-8AAD-DC956B9B9233}.Release|x64.Build.0 = Release|x64
		{AAD3AB93-F831-4339-8AAD-DC956B9B9233}.Release|x86.ActiveCfg = Release|Win32
		{AAD3AB93-F831-4339-8AAD-DC956B9B9233}.Release|x86.Build.0 = Release|Win32
		{AAD3AB93-F831-4339-8AAD-DC956B9B9233}.ReleaseDLL|x64.ActiveCfg = Release|x64
		{AAD3AB93-F831-4339-8AAD-DC956B9B9233}.ReleaseDLL|x64.Build.0 = Release|x64
		{AAD3AB93-F831-4339-8AAD-DC956B9B9233}.ReleaseDLL|x86.ActiveCfg = Release|Win32
		{AAD3AB93-F831-4339-8AAD-DC956B9B9233}.ReleaseDLL|x86.Build.0 = Release|Win32
		{AAD3AB93-F831-4339-8AAD-DC956B9B9233}.ReleaseDLLStaticDeps|x64.ActiveCfg = Release|x64
		{AAD3AB93-F831-4339-8AAD-DC956B9B9233}.ReleaseDLLStaticDeps|x64.Build.0 = Release|x64
		{AAD3AB93-F831-4339-8AAD-DC956B9B9233}.ReleaseDLLStaticDeps|x86.ActiveCfg = Release|Win32
		{AAD3AB93-F831-4339-8AAD-DC956B9B9233}.ReleaseDLLStaticDeps|x86.Build.0 = Release|Win32
		{AAD3AB93-F831-4339-8AAD-DC956B9B9233}.ReleaseLTO|x64.ActiveCfg = Release|x64
		{AAD3AB93-F831-4339-8AAD-DC956B9B9233}.ReleaseLTO|x64.Build.0 = Release|x64
		{AAD3AB93-F831-4339-8AAD-DC956B9B9233}.ReleaseLTO|x86.ActiveCfg = Release|Win32
		{AAD3AB93-F831-4339-8AAD-DC956B9B9233}.ReleaseLTO|x86.Build.0 = Release|Win32
		{9D936BE4-46AA-489F-82E7-D2CFEB157FB6}.Debug|x64.ActiveCfg = Debug|x64
		{9D936BE4-46AA-489F-82E7-D2CFEB157FB6}.Debug|x64.Build.0 = Debug|x64
		{9D936BE4-46AA-489F-82E7-D2CFEB157FB6}.Debug|x86.ActiveCfg = Debug|Win32
		{9D936BE4-46AA-489F-82E7-D2CFEB157FB6}.Debug|x86.Build.0 = Debug|Win32
		{9D936BE4-46AA-489F-82E7-D2CFEB157FB6}.DebugDLL|x64.ActiveCfg = Debug|x64
		{9D936BE4-46AA-489F-82E7-D2CFEB157FB6}.DebugDLL|x64.Build.0 = Debug|x64
		{9D936BE4-46AA-489F-82E7-D2CFEB157FB6}.DebugDLL|x86.ActiveCfg = Debug|Win32
		{9D936BE4-46AA-489F-82E7-D2CFEB157FB6}.DebugDLL|x86.Build.0 = Debug|Win32
		{9D936BE4-46AA-489F-82E7-D2CFEB157FB6}.DebugDLLStaticDeps|x64.ActiveCfg = Debug|x64
		{9D936BE4-46AA-489F-82E7-D2CFEB157FB6}.DebugDLLStaticDeps|x64.Build.0 = Debug|x64
		{9D936BE4-46AA-489F-82E7-D2CFEB157FB6}.DebugDLLStaticDeps|x86.ActiveCfg = Debug|Win32
		{9D936BE4-46AA-489F-82E7-D2CFEB157FB6}.DebugDLLStaticDeps|x86.Build.0 = Debug|Win32
		{9D936BE4-46AA-489F-82E7-D2CFEB157FB6}.Release|x64.ActiveCfg = Release|x64
		{9D936BE4-46AA-489F-82E7-D2CFEB157FB6}.Release|x64.Build.0 = Release|x64
		{9D936BE4-46AA-489F-82E7-D2CFEB157FB6}.Release|x86.ActiveCfg = Release|Win32
		{9D936BE4-46AA-489F-82E7-D2CFEB157FB6}.Release|x86.Build.0 = Release|Win32
		{9D936BE4-46AA-489F-82E7-D2CFEB157FB6}.ReleaseDLL|x64.ActiveCfg = Release|x64
		{9D936BE4-46AA-489F-82E7-D2CFEB157FB6}.ReleaseDLL|x64.Build.0 = Release|x64
		{9D936BE4-46AA-489F-82E7-D2CFEB157FB6}.ReleaseDLL|x86.ActiveCfg = Release|Win32
		{9D936BE4-46AA-489F-82E7-D2CFEB157FB6}.ReleaseDLL|x86.Build.0 = Release|Win32
		{9D936BE4-46AA-489F-82E7-D2CFEB157FB6}.ReleaseDLLStaticDeps|x64.ActiveCfg = Release|x64
		{9D936BE4-46AA-489F-82E7-D2CFEB157FB6}.ReleaseDLLStaticDeps|x64.Build.0 = Release|x64
		{9D936BE4-46AA-489F-82E7-D2CFEB157FB6}.ReleaseDLLStaticDeps|x86.ActiveCfg = Release|Win32
		{9D936BE4-46AA-489F-82E7-D2CFEB157FB6}.ReleaseDLLStaticDeps|x86.Build.0 = Release|Win32
		{9D936BE4-46AA-489F-82E7-D2CFEB157FB6}.ReleaseLTO|x64.ActiveCfg = Release|x64
		{9D936BE4-46AA-489F-82E7-D2CFEB157FB6}.ReleaseLTO|x64.Build.0 = Release|x64
		{9D936BE4-46AA-489F-82E7-D2CFEB157FB6}.ReleaseLTO|x86.ActiveCfg = Release|Win32
		{9D936BE4-46AA-489F-82E7-D2CFEB157FB6}.ReleaseLTO|x86.Build.0 = Release|Win32
		{597D5EF8-04DB-48F9-A8F3-4B593B81C7C3}.Debug|x64.ActiveCfg = Debug|x64
		{597D5EF8-04DB-48F9-A8F3-4B593B81C7C3}.Debug|x64.Build.0 = Debug|x64
		{597D5EF8-04DB-48F9-A8F3-4B593B81C7C3}.Debug|x86.ActiveCfg = Debug|Win32
		{597D5EF8-04DB-48F9-A8F3-4B593B81C7C3}.Debug|x86.Build.0 = Debug|Win32
		{597D5EF8-04DB-48F9-A8F3-4B593B81C7C3}.DebugDLL|x64.ActiveCfg = Debug|x64
		{597D5EF8-04DB-48F9-A8F3-4B593B81C7C3}.DebugDLL|x64.Build.0 = Debug|x64
		{597D5EF8-04DB-48F9-A8F3-4B593B81C7C3}.DebugDLL|x86.ActiveCfg = Debug|Win32
		{597D5EF8-04DB-48F9-A8F3-4B593B81C7C3}.DebugDLL|x86.Build.0 = Debug|Win32
		{597D5EF8-04DB-48F9-A8F3-4B593B81C7C3}.DebugDLLStaticDeps|x64.ActiveCfg = Debug|x64
		{597D5EF8-04DB-48F9-A8F3-4B593B81C7C3}.DebugDLLStaticDeps|x64.Build.0 = Debug|x64
		{597D5EF8-04DB-48F9-A8F3-4B593B81C7C3}.DebugDLLStaticDeps|x86.ActiveCfg = Debug|Win32
		{597D5EF8-04DB-48F9-A8F3-4B593B81C7C3}.DebugDLLStaticDeps|x86.Build.0 = Debug|Win32
		{597D5EF8-04DB-48F9-A8F3-4B593B81C7C3}.Release|x64.ActiveCfg = Release|x64
		{597D5EF8-04DB-48F9-A8F3-4B593B81C7C3}.Release|x64.Build.0 = Release|x64
		{597D5EF8-04DB-48F9-A8F3-4B593B81C7C3}.Release|x86.ActiveCfg = Release|Win32
		{597D5EF8-04DB-48F9-A8F3-4B593B81C7C3}.Release|x86.Build.0 = Release|Win32
		{597D5EF8-04DB-48F9-A8F3-4B593B81C7C3}.ReleaseDLL|x64.ActiveCfg = Release|x64
		{597D5EF8-04DB-48F9-A8F3-4B593B81C7C3}.ReleaseDLL|x64.Build.0 = Release|x64
		{597D5EF8-04DB-48F9-A8F3-4B593B81C7C3}.ReleaseDLL|x86.ActiveCfg = Release|Win32
		{597D5EF8-04DB-48F9-A8F3-4B593B81C7C3}.ReleaseDLL|x86.Build.0 = Release|Win32
		{597D5EF8-04DB-48F9-A8F3-4B593B81C7C3}.ReleaseDLLStaticDeps|x64.ActiveCfg = Release|x64
		{597D5EF8-04DB-48F9-A8F3-4B593B81C7C3}.ReleaseDLLStaticDeps|x64.Build.0 = Release|x64
		{597D5EF8-04DB-48F9-A8F3-4B593B81C7C3}.ReleaseDLLStaticDeps|x86.ActiveCfg = Release|Win32
		{597D5EF8-04DB-48F9-A8F3-4B593B81C7C3}.ReleaseDLLStaticDeps|x86.Build.0 = Release|Win32
		{597D5EF8-04DB-48F9-A8F3-4B593B81C7C3}.ReleaseLTO|x64.ActiveCfg = Release|x64
		{597D5EF8-04DB-48F9-A8F3-4B593B81C7C3}.ReleaseLTO|x64.Build.0 = Release|x64
		{597D5EF8-04DB-48F9-A8F3-4B593B81C7C3}.ReleaseLTO|x86.ActiveCfg = Release|Win32
		{597D5EF8-04DB-48F9-A8F3-4B593B81C7C3}.ReleaseLTO|x86.Build.0 = Release|Win32
		{B337D322-355B-4348-A2A8-270471BE2C95}.Debug|x64.ActiveCfg = Debug|x64
		{B337D322-355B-4348-A2A8-270471BE2C95}.Debug|x64.Build.0 = Debug|x64
		{B337D322-355B-4348-A2A8-270471BE2C95}.Debug|x86.ActiveCfg = Debug|Win32
		{B337D322-355B-4348-A2A8-270471BE2C95}.Debug|x86.Build.0 = Debug|Win32
		{B337D322-355B-4348-A2A8-270471BE2C95}.DebugDLL|x64.ActiveCfg = Debug|x64
		{B337D322-355B-4348-A2A8-270471BE2C95}.DebugDLL|x64.Build.0 = Debug|x64
		{B337D322-355B-4348-A2A8-270471BE2C95}.DebugDLL|x86.ActiveCfg = Debug|Win32
		{B337D322-355B-4348-A2A8-270471BE2C95}.DebugDLL|x86.Build.0 = Debug|Win32
		{B337D322-355B-4348-A2A8-270471BE2C95}.DebugDLLStaticDeps|x64.ActiveCfg = Debug|x64
		{B337D322-355B-4348-A2A8-270471BE2C95}.DebugDLLStaticDeps|x64.Build.0 = Debug|x64
		{B337D322-355B-4348-A2A8-270471BE2C95}.DebugDLLStaticDeps|x86.ActiveCfg = Debug|Win32
		{B337D322-355B-4348-A2A8-270471BE2C95}.DebugDLLStaticDeps|x86.Build.0 = Debug|Win32
		{B337D322-355B-4348-A2A8-270471BE2C95}.Release|x64.ActiveCfg = Release|x64
		{B337D322-355B-4348-A2A8-270471BE2C95}.Release|x64.Build.0 = Release|x64
		{B337D322-355B-4348-A2A8-270471BE2C95}.Release|x86.ActiveCfg = Release|Win32
		{B337D322-355B-4348-A2A8-270471BE2C95}.Release|x86.Build.0 = Release|Win32
		{B337D322-355B-4348-A2A8-270471BE2C95}.ReleaseDLL|x64.ActiveCfg = Release|x64
		{B337D322-355B-4348-A2A8-270471BE2C95}.ReleaseDLL|x64.Build.0 = Release|x64
		{B337D322-355B-4348-A2A8-270471BE2C95}.ReleaseDLL|x86.ActiveCfg = Release|Win32
		{B337D322-355B-4348-A2A8-270471BE2C95}.ReleaseDLL|x86.Build.0 = Release|Win32
		{B337D322-355B-4348-A2A8-270471BE2C95}.ReleaseDLLStaticDeps|x64.ActiveCfg = Release|x64
		{B337D322-355B-4348-A2A8-270471BE2C95}.ReleaseDLLStaticDeps|x64.Build.0 = Release|x64
		{B337D322-355B-4348-A2A8-270471BE2C95}.ReleaseDLLStaticDeps|x86.ActiveCfg = Release|Win32
		{B337D322-355B-4348-A2A8-270471BE2C95}.ReleaseDLLStaticDeps|x86.Build.0 = Release|Win32
		{B337D322-355B-4348-A2A8-270471BE2C95}.ReleaseLTO|x64.ActiveCfg = Release|x64
		{B337D322-355B-4348-A2A8-270471BE2C95}.ReleaseLTO|x64.Build.0 = Release|x64
		{B337D322-355B-4348-A2A8-270471BE2C95}.ReleaseLTO|x86.ActiveCfg = Release|Win32
		{B337D322-355B-4348-A2A8-270471BE2C95}.ReleaseLTO|x86.Build.0 = Release|Win32
		{80579A29-8073-46A0-B328-661155E0887B}.Debug|x64.ActiveCfg = Debug|x64
		{80579A29-8073-46A0-B328-661155E0887B}.Debug|x64.Build.0 = Debug|x64
		{80579A29-8073-46A0-B328-661155E0887B}.Debug|x86.ActiveCfg = Debug|Win32
		{80579A29-8073-46A0-B328-661155E0887B}.Debug|x86.Build.0 = Debug|Win32
		{80579A29-8073-46A0-B328-661155E0887B}.DebugDLL|x64.ActiveCfg = Debug|x64
		{80579A29-8073-46A0-B328-661155E0887B}.DebugDLL|x64.Build.0 = Debug|x64
		{80579A29-8073-46A0-B328-661155E0887B}.DebugDLL|x86.ActiveCfg = Debug|Win32
		{80579A29-8073-46A0-B328-661155E0887B}.DebugDLL|x86.Build.0 = Debug|Win32
		{80579A29-8073-46A0-B328-661155E0887B}.DebugDLLStaticDeps|x64.ActiveCfg = Debug|x64
		{80579A29-8073-46A0-B328-661155E0887B}.DebugDLLStaticDeps|x64.Build.0 = Debug|x64
		{80579A29-8073-46A0-B328-661155E0887B}.DebugDLLStaticDeps|x86.ActiveCfg = Debug|Win32
		{80579A29-8073-46A0-B328-661155E0887B}.DebugDLLStaticDeps|x86.Build.0 = Debug|Win32
		{80579A29-8073-46A0-B328-661155E0887B}.Release|x64.ActiveCfg = Release|x64
		{80579A29-8073-46A0-B328-661155E0887B}.Release|x64.Build.0 = Release|x64
		{80579A29-8073-46A0-B328-661155E0887B}.Release|x86.ActiveCfg = Release|Win32
		{80579A29-8073-46A0-B328-661155E0887B}.Release|x86.Build.0 = Release|Win32
		{80579A29-8073-46A0-B328-661155E0887B}.ReleaseDLL|x64.ActiveCfg = Release|x64
		{80579A29-8073-46A0-B328-661155E0887B}.ReleaseDLL|x64.Build.0 = Release|x64
		{80579A29-8073-46A0-B328-661155E0887B}.ReleaseDLL|x86.ActiveCfg = Release|Win32
		{80579A29-8073-46A0-B328-661155E0887B}.ReleaseDLL|x86.Build.0 = Release|Win32
		{80579A29-8073-46A0-B328-661155E0887B}.ReleaseDLLStaticDeps|x64.ActiveCfg = Release|x64
		{80579A29-8073-46A0-B328-661155E0887B}.ReleaseDLLStaticDeps|x64.Build.0 = Release|x64
		{80579A29-8073-46A0-B328-661155E0887B}.ReleaseDLLStaticDeps|x86.ActiveCfg = Release|Win32
		{80579A29-8073-46A0-B328-661155E0887B}.ReleaseDLLStaticDeps|x86.Build.0 = Release|Win32
		{80579A29-8073-46A0-B328-661155E0887B}.ReleaseLTO|x64.ActiveCfg = Release|x64
		{80579A29-8073-46A0-B328-661155E0887B}.ReleaseLTO|x64.Build.0 = Release|x64
		{80579A29-8073-46A0-B328-661155E0887B}.ReleaseLTO|x86.ActiveCfg = Release|Win32
		{80579A29-8073-46A0-B328-661155E0887B}.ReleaseLTO|x86.Build.0 = Release|Win32
		{9BD8FF1D-1C1B-4755-BF5C-AD58DC023711}.Debug|x64.ActiveCfg = Debug|x64
		{9BD8FF1D-1C1B-4755-BF5C-AD58DC023711}.Debug|x64.Build.0 = Debug|x64
		{9BD8FF1D-1C1B-4755-BF5C-AD58DC023711}.Debug|x86.ActiveCfg = Debug|Win32
		{9BD8FF1D-1C1B-4755-BF5C-AD58DC023711}.Debug|x86.Build.0 = Debug|Win32
		{9BD8FF1D-1C1B-4755-BF5C-AD58DC023711}.DebugDLL|x64.ActiveCfg = Debug|x64
		{9BD8FF1D-1C1B-4755-BF5C-AD58DC023711}.DebugDLL|x64.Build.0 = Debug|x64
		{9BD8FF1D-1C1B-4755-BF5C-AD58DC023711}.DebugDLL|x86.ActiveCfg = Debug|Win32
		{9BD8FF1D-1C1B-4755-BF5C-AD58DC023711}.DebugDLL|x86.Build.0 = Debug|Win32
		{9BD8FF1D-1C1B-4755-BF5C-AD58DC023711}.DebugDLLStaticDeps|x64.ActiveCfg = Debug|x64
		{9BD8FF1D-1C1B-4755-BF5C-AD58DC023711}.DebugDLLStaticDeps|x64.Build.0 = Debug|x64
		{9BD8FF1D-1C1B-4755-BF5C-AD58DC023711}.DebugDLLStaticDeps|x86.ActiveCfg = Debug|Win32
		{9BD8FF1D-1C1B-4755-BF5C-AD58DC023711}.DebugDLLStaticDeps|x86.Build.0 = Debug|Win32
		{9BD8FF1D-1C1B-4755-BF5C-AD58DC023711}.Release|x64.ActiveCfg = Release|x64
		{9BD8FF1D-1C1B-4755-BF5C-AD58DC023711}.Release|x64.Build.0 = Release|x64
		{9BD8FF1D-1C1B-4755-BF5C-AD58DC023711}.Release|x86.ActiveCfg = Release|Win32
		{9BD8FF1D-1C1B-4755-BF5C-AD58DC023711}.Release|x86.Build.0 = Release|Win32
		{9BD8FF1D-1C1B-4755-BF5C-AD58DC023711}.ReleaseDLL|x64.ActiveCfg = Release|x64
		{9BD8FF1D-1C1B-4755-BF5C-AD58DC023711}.ReleaseDLL|x64.Build.0 = Release|x64
		{9BD8FF1D-1C1B-4755-BF5C-AD58DC023711}.ReleaseDLL|x86.ActiveCfg = Release|Win32
		{9BD8FF1D-1C1B-4755-BF5C-AD58DC023711}.ReleaseDLL|x86.Build.0 = Release|Win32
		{9BD8FF1D-1C1B-4755-BF5C-AD58DC023711}.ReleaseDLLStaticDeps|x64.ActiveCfg = Release|x64
		{9BD8FF1D-1C1B-4755-BF5C-AD58DC023711}.ReleaseDLLStaticDeps|x64.Build.0 = Release|x64
		{9BD8FF1D-1C1B-4755-BF5C-AD58DC023711}.ReleaseDLLStaticDeps|x86.ActiveCfg = Release|Win32
		{9BD8FF1D-1C1B-4755-BF5C-AD58DC023711}.ReleaseDLLStaticDeps|x86.Build.0 = Release|Win32
		{9BD8FF1D-1C1B-4755-BF5C-AD58DC023711}.ReleaseLTO|x64.ActiveCfg = Release|x64
		{9BD8FF1D-1C1B-4755-BF5C-AD58DC023711}.ReleaseLTO|x64.Build.0 = Release|x64
		{9BD8FF1D-1C1B-4755-BF5C-AD58DC023711}.ReleaseLTO|x86.ActiveCfg = Release|Win32
		{9BD8FF1D-1C1B-4755-BF5C-AD58DC023711}.ReleaseLTO|x86.Build.0 = Release|Win32
		{B4DB4D63-7AD7-42B9-9671-AD39D696B4FF}.Debug|x64.ActiveCfg = Debug|x64
		{B4DB4D63-7AD7-42B9-9671-AD39D696B4FF}.Debug|x64.Build.0 = Debug|x64
		{B4DB4D63-7AD7-42B9-9671-AD39D696B4FF}.Debug|x86.ActiveCfg = Debug|Win32
		{B4DB4D63-7AD7-42B9-9671-AD39D696B4FF}.Debug|x86.Build.0 = Debug|Win32
		{B4DB4D63-7AD7-42B9-9671-AD39D696B4FF}.DebugDLL|x64.ActiveCfg = Debug|x64
		{B4DB4D63-7AD7-42B9-9671-AD39D696B4FF}.DebugDLL|x64.Build.0 = Debug|x64
		{B4DB4D63-7AD7-42B9-9671-AD39D696B4FF}.DebugDLL|x86.ActiveCfg = Debug|Win32
		{B4DB4D63-7AD7-42B9-9671-AD39D696B4FF}.DebugDLL|x86.Build.0 = Debug|Win32
		{B4DB4D63-7AD7-42B9-9671-AD39D696B4FF}.DebugDLLStaticDeps|x64.ActiveCfg = Debug|x64
		{B4DB4D63-7AD7-42B9-9671-AD39D696B4FF}.DebugDLLStaticDeps|x64.Build.0 = Debug|x64
		{B4DB4D63-7AD7-42B9-9671-AD39D696B4FF}.DebugDLLStaticDeps|x86.ActiveCfg = Debug|Win32
		{B4DB4D63-7AD7-42B9-9671-AD39D696B4FF}.DebugDLLStaticDeps|x86.Build.0 = Debug|Win32
		{B4DB4D63-7AD7-42B9-9671-AD39D696B4FF}.Release|x64.ActiveCfg = Release|x64
		{B4DB4D63-7AD7-42B9-9671-AD39D696B4FF}.Release|x64.Build.0 = Release|x64
		{B4DB4D63-7AD7-42B9-9671-AD39D696B4FF}.Release|x86.ActiveCfg = Release|Win32
		{B4DB4D63-7AD7-42B9-9671-AD39D696B4FF}.Release|x86.Build.0 = Release|Win32
		{B4DB4D63-7AD7-42B9-9671-AD39D696B4FF}.ReleaseDLL|x64.ActiveCfg = Release|x64
		{B4DB4D63-7AD7-42B9-9671-AD39D696B4FF}.ReleaseDLL|x64.Build.0 = Release|x64
		{B4DB4D63-7AD7-42B9-9671-AD39D696B4FF}.ReleaseDLL|x86.ActiveCfg = Release|Win32
		{B4DB4D63-7AD7-42B9-9671-AD39D696B4FF}.ReleaseDLL|x86.Build.0 = Release|Win32
		{B4DB4D63-7AD7-42B9-9671-AD39D696B4FF}.ReleaseDLLStaticDeps|x64.ActiveCfg = Release|x64
		{B4DB4D63-7AD7-42B9-9671-AD39D696B4FF}.ReleaseDLLStaticDeps|x64.Build.0 = Release|x64
		{B4DB4D63-7AD7-42B9-9671-AD39D696B4FF}.ReleaseDLLStaticDeps|x86.ActiveCfg = Release|Win32
		{B4DB4D63-7AD7-42B9-9671-AD39D696B4FF}.ReleaseDLLStaticDeps|x86.Build.0 = Release|Win32
		{B4DB4D63-7AD7-42B9-9671-AD39D696B4FF}.ReleaseLTO|x64.ActiveCfg = Release|x64
		{B4DB4D63-7AD7-42B9-9671-AD39D696B4FF}.ReleaseLTO|x64.Build.0 = Release|x64
		{B4DB4D63-7AD7-42B9-9671-AD39D696B4FF}.ReleaseLTO|x86.ActiveCfg = Release|Win32
		{B4DB4D63-7AD7-42B9-9671-AD39D696B4FF}.ReleaseLTO|x86.Build.0 = Release|Win32
		{220FA552-86EF-4437-867D-AB34F7285F8B}.Debug|x64.ActiveCfg = Debug|x64
		{220FA552-86EF-4437-867D-AB34F7285F8B}.Debug|x64.Build.0 = Debug|x64
		{220FA552-86EF-4437-867D-AB34F7285F8B}.Debug|x86.ActiveCfg = Debug|Win32
		{220FA552-86EF-4437-867D-AB34F7285F8B}.Debug|x86.Build.0 = Debug|Win32
		{220FA552-86EF-4437-867D-AB34F7285F8B}.DebugDLL|x64.ActiveCfg = Debug|x64
		{220FA552-86EF-4437-867D-AB34F7285F8B}.DebugDLL|x64.Build.0 = Debug|x64
		{220FA552-86EF-4437-867D-AB34F7285F8B}.DebugDLL|x86.ActiveCfg = Debug|Win32
		{220FA552-86EF-4437-867D-AB34F7285F8B}.DebugDLL|x86.Build.0 = Debug|Win32
		{220FA552-86EF-4437-867D-AB34F7285F8B}.DebugDLLStaticDeps|x64.ActiveCfg = Debug|x64
		{220FA552-86EF-4437-867D-AB34F7285F8B}.DebugDLLStaticDeps|x64.Build.0 = Debug|x64
		{220FA552-86EF-4437-867D-AB34F7285F8B}.DebugDLLStaticDeps|x86.ActiveCfg = Debug|Win32
		{220FA552-86EF-4437-867D-AB34F7285F8B}.DebugDLLStaticDeps|x86.Build.0 = Debug|Win32
		{220FA552-86EF-4437-867D-AB34F7285F8B}.Release|x64.ActiveCfg = Release|x64
		{220FA552-86EF-4437-867D-AB34F7285F8B}.Release|x64.Build.0 = Release|x64
		{220FA552-86EF-4437-867D-AB34F7285F8B}.Release|x86.ActiveCfg = Release|Win32
		{220FA552-86EF-4437-867D-AB34F7285F8B}.Release|x86.Build.0 = Release|Win32
		{220FA552-86EF-4437-867D-AB34F7285F8B}.ReleaseDLL|x64.ActiveCfg = Release|x64
		{220FA552-86EF-4437-867D-AB34F7285F8B}.ReleaseDLL|x64.Build.0 = Release|x64
		{220FA552-86EF-4437-867D-AB34F7285F8B}.ReleaseDLL|x86.ActiveCfg = Release|Win32
		{220FA552-86EF-4437-867D-AB34F7285F8B}.ReleaseDLL|x86.Build.0 = Release|Win32
		{220FA552-86EF-4437-867D-AB34F7285F8B}.ReleaseDLLStaticDeps|x64.ActiveCfg = Release|x64
		{220FA552-86EF-4437-867D-AB34F7285F8B}.ReleaseDLLStaticDeps|x64.Build.0 = Release|x64
		{220FA552-86EF-4437-867D-AB34F7285F8B}.ReleaseDLLStaticDeps|x86.ActiveCfg = Release|Win32
		{220FA552-86EF-4437-867D-AB34F7285F8B}.ReleaseDLLStaticDeps|x86.Build.0 = Release|Win32
		{220FA552-86EF-4437-867D-AB34F7285F8B}.ReleaseLTO|x64.ActiveCfg = Release|x64
		{220FA552-86EF-4437-867D-AB34F7285F8B}.ReleaseLTO|x64.Build.0 = Release|x64
		{220FA552-86EF-4437-867D-AB34F7285F8B}.ReleaseLTO|x86.ActiveCfg = Release|Win32
		{220FA552-86EF-4437-867D-AB34F7285F8B}.ReleaseLTO|x86.Build.0 = Release|Win32
		{E5D40BD4-7158-4182-8985-9400FAEEC2DB}.Debug|x64.ActiveCfg = Debug|x64
		{E5D40BD4-7158-4182-8985-9400FAEEC2DB}.Debug|x64.Build.0 = Debug|x64
		{E5D40BD4-7158-4182-8985-9400FAEEC2DB}.Debug|x86.ActiveCfg = Debug|Win32
		{E5D40BD4-7158-4182-8985-9400FAEEC2DB}.Debug|x86.Build.0 = Debug|Win32
		{E5D40BD4-7158-4182-8985-9400FAEEC2DB}.DebugDLL|x64.ActiveCfg = Debug|x64
		{E5D40BD4-7158-4182-8985-9400FAEEC2DB}.DebugDLL|x64.Build.0 = Debug|x64
		{E5D40BD4-7158-4182-8985-9400FAEEC2DB}.DebugDLL|x86.ActiveCfg = Debug|Win32
		{E5D40BD4-7158-4182-8985-9400FAEEC2DB}.DebugDLL|x86.Build.0 = Debug|Win32
		{E5D40BD4-7158-4182-8985-9400FAEEC2DB}.DebugDLLStaticDeps|x64.ActiveCfg = Debug|x64
		{E5D40BD4-7158-4182-8985-9400FAEEC2DB}.DebugDLLStaticDeps|x64.Build.0 = Debug|x64
		{E5D40BD4-7158-4182-8985-9400FAEEC2DB}.DebugDLLStaticDeps|x86.ActiveCfg = Debug|Win32
		{E5D40BD4-7158-4182-8985-9400FAEEC2DB}.DebugDLLStaticDeps|x86.Build.0 = Debug|Win32
		{E5D40BD4-7158-4182-8985-9400FAEEC2DB}.Release|x64.ActiveCfg = Release|x64
		{E5D40BD4-7158-4182-8985-9400FAEEC2DB}.Release|x64.Build.0 = Release|x64
		{E5D40BD4-7158-4182-8985-9400FAEEC2DB}.Release|x86.ActiveCfg = Release|Win32
		{E5D40BD4-7158-4182-8985-9400FAEEC2DB}.Release|x86.Build.0 = Release|Win32
		{E5D40BD4-7158-4182-8985-9400FAEEC2DB}.ReleaseDLL|x64.ActiveCfg = Release|x64
		{E5D40BD4-7158-4182-8985-9400FAEEC2DB}.ReleaseDLL|x64.Build.0 = Release|x64
		{E5D40BD4-7158-4182-8985-9400FAEEC2DB}.ReleaseDLL|x86.ActiveCfg = Release|Win32
		{E5D40BD4-7158-4182-8985-9400FAEEC2DB}.ReleaseDLL|x86.Build.0 = Release|Win32
		{E5D40BD4-7158-4182-8985-9400FAEEC2DB}.ReleaseDLLStaticDeps|x64.ActiveCfg = Release|x64
		{E5D40BD4-7158-4182-8985-9400FAEEC2DB}.ReleaseDLLStaticDeps|x64.Build.0 = Release|x64
		{E5D40BD4-7158-4182-8985-9400FAEEC2DB}.ReleaseDLLStaticDeps|x86.ActiveCfg = Release|Win32
		{E5D40BD4-7158-4182-8985-9400FAEEC2DB}.ReleaseDLLStaticDeps|x86.Build.0 = Release|Win32
		{E5D40BD4-7158-4182-8985-9400FAEEC2DB}.ReleaseLTO|x64.ActiveCfg = Release|x64
		{E5D40BD4-7158-4182-8985-9400FAEEC2DB}.ReleaseLTO|x64.Build.0 = Release|x64
		{E5D40BD4-7158-4182-8985-9400FAEEC2DB}.ReleaseLTO|x86.ActiveCfg = Release|Win32
		{E5D40BD4-7158-4182-8985-9400FAEEC2DB}.ReleaseLTO|x86.Build.0 = Release|Win32
		{5CAFFF39-CD0E-4D6D-8E68-246562914788}.Debug|x64.ActiveCfg = Debug|x64
		{5CAFFF39-CD0E-4D6D-8E68-246562914788}.Debug|x64.Build.0 = Debug|x64
		{5CAFFF39-CD0E-4D6D-8E68-246562914788}.Debug|x86.ActiveCfg = Debug|Win32
		{5CAFFF39-CD0E-4D6D-8E68-246562914788}.Debug|x86.Build.0 = Debug|Win32
		{5CAFFF39-CD0E-4D6D-8E68-246562914788}.DebugDLL|x64.ActiveCfg = Debug|x64
		{5CAFFF39-CD0E-4D6D-8E68-246562914788}.DebugDLL|x64.Build.0 = Debug|x64
		{5CAFFF39-CD0E-4D6D-8E68-246562914788}.DebugDLL|x86.ActiveCfg = Debug|Win32
		{5CAFFF39-CD0E-4D6D-8E68-246562914788}.DebugDLL|x86.Build.0 = Debug|Win32
		{5CAFFF39-CD0E-4D6D-8E68-246562914788}.DebugDLLStaticDeps|x64.ActiveCfg = Debug|x64
		{5CAFFF39-CD0E-4D6D-8E68-246562914788}.DebugDLLStaticDeps|x64.Build.0 = Debug|x64
		{5CAFFF39-CD0E-4D6D-8E68-246562914788}.DebugDLLStaticDeps|x86.ActiveCfg = Debug|Win32
		{5CAFFF39-CD0E-4D6D-8E68-246562914788}.DebugDLLStaticDeps|x86.Build.0 = Debug|Win32
		{5CAFFF39-CD0E-4D6D-8E68-246562914788}.Release|x64.ActiveCfg = Release|x64
		{5CAFFF39-CD0E-4D6D-8E68-246562914788}.Release|x64.Build.0 = Release|x64
		{5CAFFF39-CD0E-4D6D-8E68-246562914788}.Release|x86.ActiveCfg = Release|Win32
		{5CAFFF39-CD0E-4D6D-8E68-246562914788}.Release|x86.Build.0 = Release|Win32
		{5CAFFF39-CD0E-4D6D-8E68-246562914788}.ReleaseDLL|x64.ActiveCfg = Release|x64
		{5CAFFF39-CD0E-4D6D-8E68-246562914788}.ReleaseDLL|x64.Build.0 = Release|x64
		{5CAFFF39-CD0E-4D6D-8E68-246562914788}.ReleaseDLL|x86.ActiveCfg = Release|Win32
		{5CAFFF39-CD0E-4D6D-8E68-246562914788}.ReleaseDLL|x86.Build.0 = Release|Win32
		{5CAFFF39-CD0E-4D6D-8E68-246562914788}.ReleaseDLLStaticDeps|x64.ActiveCfg = Release|x64
		{5CAFFF39-CD0E-4D6D-8E68-246562914788}.ReleaseDLLStaticDeps|x64.Build.0 = Release|x64
		{5CAFFF39-CD0E-4D6D-8E68-246562914788}.ReleaseDLLStaticDeps|x86.ActiveCfg = Release|Win32
		{5CAFFF39-CD0E-4D6D-8E68-246562914788}.ReleaseDLLStaticDeps|x86.Build.0 = Release|Win32
		{5CAFFF39-CD0E-4D6D-8E68-246562914788}.ReleaseLTO|x64.ActiveCfg = Release|x64
		{5CAFFF39-CD0E-4D6D-8E68-246562914788}.ReleaseLTO|x64.Build.0 = Release|x64
		{5CAFFF39-CD0E-4D6D-8E68-246562914788}.ReleaseLTO|x86.ActiveCfg = Release|Win32
		{5CAFFF39-CD0E-4D6D-8E68-246562914788}.ReleaseLTO|x86.Build.0 = Release|Win32
	EndGlobalSection
	GlobalSection(SolutionProperties) = preSolution
		HideSolutionNode = FALSE
	EndGlobalSection
	GlobalSection(NestedProjects) = preSolution
		{C6101E18-D73B-430C-A79C-084E1236EA94} = {3B1FE419-D7D2-4406-9C24-5A6F6ED63E73}
		{AAD3AB93-F831-4339-8AAD-DC956B9B9233} = {3B1FE419-D7D2-4406-9C24-5A6F6ED63E73}
		{9D936BE4-46AA-489F-82E7-D2CFEB157FB6} = {3B1FE419-D7D2-4406-9C24-5A6F6ED63E73}
		{597D5EF8-04DB-48F9-A8F3-4B593B81C7C3} = {3B1FE419-D7D2-4406-9C24-5A6F6ED63E73}
		{B337D322-355B-4348-A2A8-270471BE2C95} = {3B1FE419-D7D2-4406-9C24-5A6F6ED63E73}
		{80579A29-8073-46A0-B328-661155E0887B} = {3B1FE419-D7D2-4406-9C24-5A6F6ED63E73}
		{9BD8FF1D-1C1B-4755-BF5C-AD58DC023711} = {3B1FE419-D7D2-4406-9C24-5A6F6ED63E73}
		{B4DB4D63-7AD7-42B9-9671-AD39D696B4FF} = {3B1FE419-D7D2-4406-9C24-5A6F6ED63E73}
		{220FA552-86EF-4437-867D-AB34F7285F8B} = {3B1FE419-D7D2-4406-9C24-5A6F6ED63E73}
		{E5D40BD4-7158-4182-8985-9400FAEEC2DB} = {3B1FE419-D7D2-4406-9C24-5A6F6ED63E73}
		{5CAFFF39-CD0E-4D6D-8E68-246562914788} = {3B1FE419-D7D2-4406-9C24-5A6F6ED63E73}
	EndGlobalSection
	GlobalSection(ExtensibilityGlobals) = postSolution
		SolutionGuid = {1838F09B-B929-4D1E-ABB6-FA2A94F4A4BE}
	EndGlobalSection
EndGlobal
